// !$*UTF8*$!
{
	archiveVersion = 1;
	classes = {
	};
	objectVersion = 50;
	objects = {

/* Begin PBXBuildFile section */
		418625E22206DD9B00E521DB /* LYOneViewController.m in Sources */ = {isa = PBXBuildFile; fileRef = 418625E02206DD9A00E521DB /* LYOneViewController.m */; };
		418625E32206DD9B00E521DB /* LYOneViewController.xib in Resources */ = {isa = PBXBuildFile; fileRef = 418625E12206DD9A00E521DB /* LYOneViewController.xib */; };
		418625E72206E53500E521DB /* LYTwoViewController.m in Sources */ = {isa = PBXBuildFile; fileRef = 418625E52206E53500E521DB /* LYTwoViewController.m */; };
		418625E82206E53500E521DB /* LYTwoViewController.xib in Resources */ = {isa = PBXBuildFile; fileRef = 418625E62206E53500E521DB /* LYTwoViewController.xib */; };
		418625F62208180F00E521DB /* LYNewFeatureCell.m in Sources */ = {isa = PBXBuildFile; fileRef = 418625F52208180F00E521DB /* LYNewFeatureCell.m */; };
		418625F92208199F00E521DB /* LYNewFeatureController.m in Sources */ = {isa = PBXBuildFile; fileRef = 418625F82208199F00E521DB /* LYNewFeatureController.m */; };
		41862600220BD0DA00E521DB /* LYOAuthViewController.m in Sources */ = {isa = PBXBuildFile; fileRef = 418625FF220BD0DA00E521DB /* LYOAuthViewController.m */; };
		41862608220BD2EE00E521DB /* MBProgressHUD.m in Sources */ = {isa = PBXBuildFile; fileRef = 41862603220BD2EE00E521DB /* MBProgressHUD.m */; };
		41862609220BD2EE00E521DB /* MBProgressHUD+MJ.m in Sources */ = {isa = PBXBuildFile; fileRef = 41862606220BD2EE00E521DB /* MBProgressHUD+MJ.m */; };
		4186260A220BD2EE00E521DB /* MBProgressHUD.bundle in Resources */ = {isa = PBXBuildFile; fileRef = 41862607220BD2EE00E521DB /* MBProgressHUD.bundle */; };
		4186261F220BD42D00E521DB /* AFURLResponseSerialization.m in Sources */ = {isa = PBXBuildFile; fileRef = 41862613220BD42D00E521DB /* AFURLResponseSerialization.m */; };
		41862620220BD42D00E521DB /* AFHTTPSessionManager.m in Sources */ = {isa = PBXBuildFile; fileRef = 41862614220BD42D00E521DB /* AFHTTPSessionManager.m */; };
		41862621220BD42D00E521DB /* AFURLConnectionOperation.m in Sources */ = {isa = PBXBuildFile; fileRef = 41862615220BD42D00E521DB /* AFURLConnectionOperation.m */; };
		41862622220BD42D00E521DB /* AFURLSessionManager.m in Sources */ = {isa = PBXBuildFile; fileRef = 41862617220BD42D00E521DB /* AFURLSessionManager.m */; };
		41862623220BD42D00E521DB /* AFHTTPRequestOperationManager.m in Sources */ = {isa = PBXBuildFile; fileRef = 41862618220BD42D00E521DB /* AFHTTPRequestOperationManager.m */; };
		41862624220BD42D00E521DB /* AFURLRequestSerialization.m in Sources */ = {isa = PBXBuildFile; fileRef = 41862619220BD42D00E521DB /* AFURLRequestSerialization.m */; };
		41862625220BD42D00E521DB /* AFHTTPRequestOperation.m in Sources */ = {isa = PBXBuildFile; fileRef = 4186261A220BD42D00E521DB /* AFHTTPRequestOperation.m */; };
		41862626220BD42D00E521DB /* AFNetworkReachabilityManager.m in Sources */ = {isa = PBXBuildFile; fileRef = 4186261C220BD42D00E521DB /* AFNetworkReachabilityManager.m */; };
		41862627220BD42D00E521DB /* AFSecurityPolicy.m in Sources */ = {isa = PBXBuildFile; fileRef = 4186261D220BD42D00E521DB /* AFSecurityPolicy.m */; };
		4186262A220C0A4100E521DB /* LYAccount.m in Sources */ = {isa = PBXBuildFile; fileRef = 41862629220C0A4100E521DB /* LYAccount.m */; };
		4186262F220C121700E521DB /* LYAccountTool.m in Sources */ = {isa = PBXBuildFile; fileRef = 4186262E220C121700E521DB /* LYAccountTool.m */; };
		41862633220C147B00E521DB /* LYRootVcTool.m in Sources */ = {isa = PBXBuildFile; fileRef = 41862632220C147B00E521DB /* LYRootVcTool.m */; };
		4186264C220C1BE700E521DB /* MJPropertyType.m in Sources */ = {isa = PBXBuildFile; fileRef = 41862638220C1BE700E521DB /* MJPropertyType.m */; };
		4186264D220C1BE700E521DB /* NSObject+MJKeyValue.m in Sources */ = {isa = PBXBuildFile; fileRef = 4186263B220C1BE700E521DB /* NSObject+MJKeyValue.m */; };
		4186264E220C1BE700E521DB /* MJProperty.m in Sources */ = {isa = PBXBuildFile; fileRef = 4186263D220C1BE700E521DB /* MJProperty.m */; };
		4186264F220C1BE700E521DB /* NSObject+MJCoding.m in Sources */ = {isa = PBXBuildFile; fileRef = 4186263F220C1BE700E521DB /* NSObject+MJCoding.m */; };
		41862650220C1BE700E521DB /* MJExtensionConst.m in Sources */ = {isa = PBXBuildFile; fileRef = 41862641220C1BE700E521DB /* MJExtensionConst.m */; };
		41862651220C1BE700E521DB /* NSObject+MJProperty.m in Sources */ = {isa = PBXBuildFile; fileRef = 41862642220C1BE700E521DB /* NSObject+MJProperty.m */; };
		41862652220C1BE700E521DB /* NSObject+MJClass.m in Sources */ = {isa = PBXBuildFile; fileRef = 41862644220C1BE700E521DB /* NSObject+MJClass.m */; };
		41862653220C1BE700E521DB /* NSString+MJExtension.m in Sources */ = {isa = PBXBuildFile; fileRef = 41862645220C1BE700E521DB /* NSString+MJExtension.m */; };
		41862654220C1BE700E521DB /* MJPropertyKey.m in Sources */ = {isa = PBXBuildFile; fileRef = 41862646220C1BE700E521DB /* MJPropertyKey.m */; };
		41862655220C1BE700E521DB /* MJDictionaryCache.m in Sources */ = {isa = PBXBuildFile; fileRef = 41862648220C1BE700E521DB /* MJDictionaryCache.m */; };
		41862656220C1BE700E521DB /* MJFoundation.m in Sources */ = {isa = PBXBuildFile; fileRef = 4186264B220C1BE700E521DB /* MJFoundation.m */; };
		4186265E220C1C9600E521DB /* LYPhoto.m in Sources */ = {isa = PBXBuildFile; fileRef = 4186265A220C1C9600E521DB /* LYPhoto.m */; };
		4186265F220C1C9600E521DB /* LYStatus.m in Sources */ = {isa = PBXBuildFile; fileRef = 4186265B220C1C9600E521DB /* LYStatus.m */; };
		41862660220C1C9600E521DB /* LYUser.m in Sources */ = {isa = PBXBuildFile; fileRef = 4186265C220C1C9600E521DB /* LYUser.m */; };
		41862683220C1F8A00E521DB /* UIImage+WebP.m in Sources */ = {isa = PBXBuildFile; fileRef = 41862662220C1F8900E521DB /* UIImage+WebP.m */; };
		41862684220C1F8A00E521DB /* MKAnnotationView+WebCache.m in Sources */ = {isa = PBXBuildFile; fileRef = 41862663220C1F8900E521DB /* MKAnnotationView+WebCache.m */; };
		41862685220C1F8A00E521DB /* SDWebImageManager.m in Sources */ = {isa = PBXBuildFile; fileRef = 41862666220C1F8900E521DB /* SDWebImageManager.m */; };
		41862686220C1F8A00E521DB /* SDWebImageDecoder.m in Sources */ = {isa = PBXBuildFile; fileRef = 41862667220C1F8900E521DB /* SDWebImageDecoder.m */; };
		41862687220C1F8A00E521DB /* UIImageView+HighlightedWebCache.m in Sources */ = {isa = PBXBuildFile; fileRef = 41862669220C1F8900E521DB /* UIImageView+HighlightedWebCache.m */; };
		41862688220C1F8A00E521DB /* SDWebImageDownloader.m in Sources */ = {isa = PBXBuildFile; fileRef = 4186266B220C1F8900E521DB /* SDWebImageDownloader.m */; };
		41862689220C1F8A00E521DB /* UIImage+GIF.m in Sources */ = {isa = PBXBuildFile; fileRef = 4186266C220C1F8900E521DB /* UIImage+GIF.m */; };
		4186268A220C1F8A00E521DB /* UIImage+MultiFormat.m in Sources */ = {isa = PBXBuildFile; fileRef = 4186266E220C1F8900E521DB /* UIImage+MultiFormat.m */; };
		4186268B220C1F8A00E521DB /* SDWebImageCompat.m in Sources */ = {isa = PBXBuildFile; fileRef = 4186266F220C1F8900E521DB /* SDWebImageCompat.m */; };
		4186268C220C1F8A00E521DB /* SDWebImagePrefetcher.m in Sources */ = {isa = PBXBuildFile; fileRef = 41862670220C1F8900E521DB /* SDWebImagePrefetcher.m */; };
		4186268D220C1F8A00E521DB /* SDImageCache.m in Sources */ = {isa = PBXBuildFile; fileRef = 41862674220C1F8900E521DB /* SDImageCache.m */; };
		4186268E220C1F8A00E521DB /* SDWebImageDownloaderOperation.m in Sources */ = {isa = PBXBuildFile; fileRef = 41862676220C1F8900E521DB /* SDWebImageDownloaderOperation.m */; };
		4186268F220C1F8A00E521DB /* NSData+ImageContentType.m in Sources */ = {isa = PBXBuildFile; fileRef = 41862679220C1F8900E521DB /* NSData+ImageContentType.m */; };
		41862690220C1F8A00E521DB /* UIImageView+WebCache.m in Sources */ = {isa = PBXBuildFile; fileRef = 4186267A220C1F8900E521DB /* UIImageView+WebCache.m */; };
		41862691220C1F8A00E521DB /* UIView+WebCacheOperation.m in Sources */ = {isa = PBXBuildFile; fileRef = 4186267D220C1F8900E521DB /* UIView+WebCacheOperation.m */; };
		41862692220C1F8A00E521DB /* UIButton+WebCache.m in Sources */ = {isa = PBXBuildFile; fileRef = 41862681220C1F8900E521DB /* UIButton+WebCache.m */; };
		41862723220C239700E521DB /* UIScrollView+MJRefresh.m in Sources */ = {isa = PBXBuildFile; fileRef = 418626F7220C239700E521DB /* UIScrollView+MJRefresh.m */; };
		41862724220C239800E521DB /* MJRefreshConst.m in Sources */ = {isa = PBXBuildFile; fileRef = 418626F8220C239700E521DB /* MJRefreshConst.m */; };
		41862725220C239800E521DB /* MJRefresh.bundle in Resources */ = {isa = PBXBuildFile; fileRef = 418626FB220C239700E521DB /* MJRefresh.bundle */; };
		41862726220C239800E521DB /* UIScrollView+MJExtension.m in Sources */ = {isa = PBXBuildFile; fileRef = 418626FD220C239700E521DB /* UIScrollView+MJExtension.m */; };
		41862727220C239800E521DB /* UIView+MJExtension.m in Sources */ = {isa = PBXBuildFile; fileRef = 41862700220C239700E521DB /* UIView+MJExtension.m */; };
		41862728220C239800E521DB /* MJRefreshBackGifFooter.m in Sources */ = {isa = PBXBuildFile; fileRef = 41862707220C239700E521DB /* MJRefreshBackGifFooter.m */; };
		41862729220C239800E521DB /* MJRefreshBackStateFooter.m in Sources */ = {isa = PBXBuildFile; fileRef = 41862708220C239700E521DB /* MJRefreshBackStateFooter.m */; };
		4186272A220C239800E521DB /* MJRefreshBackNormalFooter.m in Sources */ = {isa = PBXBuildFile; fileRef = 41862709220C239700E521DB /* MJRefreshBackNormalFooter.m */; };
		4186272B220C239800E521DB /* MJRefreshAutoStateFooter.m in Sources */ = {isa = PBXBuildFile; fileRef = 4186270E220C239700E521DB /* MJRefreshAutoStateFooter.m */; };
		4186272C220C239800E521DB /* MJRefreshAutoGifFooter.m in Sources */ = {isa = PBXBuildFile; fileRef = 4186270F220C239700E521DB /* MJRefreshAutoGifFooter.m */; };
		4186272D220C239800E521DB /* MJRefreshAutoNormalFooter.m in Sources */ = {isa = PBXBuildFile; fileRef = 41862710220C239700E521DB /* MJRefreshAutoNormalFooter.m */; };
		4186272E220C239800E521DB /* MJRefreshNormalHeader.m in Sources */ = {isa = PBXBuildFile; fileRef = 41862712220C239700E521DB /* MJRefreshNormalHeader.m */; };
		4186272F220C239800E521DB /* MJRefreshStateHeader.m in Sources */ = {isa = PBXBuildFile; fileRef = 41862716220C239700E521DB /* MJRefreshStateHeader.m */; };
		41862730220C239800E521DB /* MJRefreshGifHeader.m in Sources */ = {isa = PBXBuildFile; fileRef = 41862717220C239700E521DB /* MJRefreshGifHeader.m */; };
		41862731220C239800E521DB /* MJRefreshFooter.m in Sources */ = {isa = PBXBuildFile; fileRef = 41862719220C239700E521DB /* MJRefreshFooter.m */; };
		41862732220C239800E521DB /* MJRefreshHeader.m in Sources */ = {isa = PBXBuildFile; fileRef = 4186271B220C239700E521DB /* MJRefreshHeader.m */; };
		41862733220C239800E521DB /* MJRefreshBackFooter.m in Sources */ = {isa = PBXBuildFile; fileRef = 4186271D220C239700E521DB /* MJRefreshBackFooter.m */; };
		41862734220C239800E521DB /* MJRefreshAutoFooter.m in Sources */ = {isa = PBXBuildFile; fileRef = 4186271E220C239700E521DB /* MJRefreshAutoFooter.m */; };
		41862735220C239800E521DB /* MJRefreshComponent.m in Sources */ = {isa = PBXBuildFile; fileRef = 41862720220C239700E521DB /* MJRefreshComponent.m */; };
		41862739220D148B00E521DB /* LYHttpTool.m in Sources */ = {isa = PBXBuildFile; fileRef = 41862738220D148B00E521DB /* LYHttpTool.m */; };
		41862743220D1D3C00E521DB /* LYStatusParam.m in Sources */ = {isa = PBXBuildFile; fileRef = 41862742220D1D3C00E521DB /* LYStatusParam.m */; };
		41862747220D1DC400E521DB /* LYStatusResult.m in Sources */ = {isa = PBXBuildFile; fileRef = 41862746220D1DC400E521DB /* LYStatusResult.m */; };
		4186274B220D1E8100E521DB /* LYStatusTool.m in Sources */ = {isa = PBXBuildFile; fileRef = 4186274A220D1E8100E521DB /* LYStatusTool.m */; };
		41862750220D2C8A00E521DB /* LYAccountParam.m in Sources */ = {isa = PBXBuildFile; fileRef = 4186274F220D2C8A00E521DB /* LYAccountParam.m */; };
		41A8A7F322014836004966D4 /* UIView+Frame.m in Sources */ = {isa = PBXBuildFile; fileRef = 41A8A7EF22014836004966D4 /* UIView+Frame.m */; };
		41A8A7F422014836004966D4 /* UIImage+image.m in Sources */ = {isa = PBXBuildFile; fileRef = 41A8A7F122014836004966D4 /* UIImage+image.m */; };
		41A8A7F722014BFA004966D4 /* LYNavigationController.m in Sources */ = {isa = PBXBuildFile; fileRef = 41A8A7F622014BFA004966D4 /* LYNavigationController.m */; };
		41A8A80422029B8D004966D4 /* UIBarButtonItem+Item.m in Sources */ = {isa = PBXBuildFile; fileRef = 41A8A80322029B8D004966D4 /* UIBarButtonItem+Item.m */; };
		41A8A80B2202A0F8004966D4 /* LYCover.m in Sources */ = {isa = PBXBuildFile; fileRef = 41A8A8052202A0F7004966D4 /* LYCover.m */; };
		41A8A80C2202A0F8004966D4 /* LYPopMenu.m in Sources */ = {isa = PBXBuildFile; fileRef = 41A8A8072202A0F7004966D4 /* LYPopMenu.m */; };
		41A8A80D2202A0F8004966D4 /* LYHomeTitle.m in Sources */ = {isa = PBXBuildFile; fileRef = 41A8A80A2202A0F7004966D4 /* LYHomeTitle.m */; };
		41A8A8102202A81A004966D4 /* LYMenuViewController.m in Sources */ = {isa = PBXBuildFile; fileRef = 41A8A80F2202A81A004966D4 /* LYMenuViewController.m */; };
		41A8A8142202E11A004966D4 /* LYSearchBar.m in Sources */ = {isa = PBXBuildFile; fileRef = 41A8A8132202E11A004966D4 /* LYSearchBar.m */; };
		41D9BCD121D88ABC00269354 /* AppDelegate.m in Sources */ = {isa = PBXBuildFile; fileRef = 41D9BCD021D88ABC00269354 /* AppDelegate.m */; };
		41D9BCD921D88ABE00269354 /* Assets.xcassets in Resources */ = {isa = PBXBuildFile; fileRef = 41D9BCD821D88ABE00269354 /* Assets.xcassets */; };
		41D9BCDC21D88ABE00269354 /* LaunchScreen.storyboard in Resources */ = {isa = PBXBuildFile; fileRef = 41D9BCDA21D88ABE00269354 /* LaunchScreen.storyboard */; };
		41D9BCDF21D88ABE00269354 /* main.m in Sources */ = {isa = PBXBuildFile; fileRef = 41D9BCDE21D88ABE00269354 /* main.m */; };
		41D9BCE921D88ABE00269354 /* weiboTests.m in Sources */ = {isa = PBXBuildFile; fileRef = 41D9BCE821D88ABE00269354 /* weiboTests.m */; };
		41D9BCF421D88ABF00269354 /* weiboUITests.m in Sources */ = {isa = PBXBuildFile; fileRef = 41D9BCF321D88ABF00269354 /* weiboUITests.m */; };
		41D9BD0621D8ABC100269354 /* LYTabBarController.m in Sources */ = {isa = PBXBuildFile; fileRef = 41D9BD0521D8ABC100269354 /* LYTabBarController.m */; };
		41D9BD2A21D8DAD400269354 /* LYTabBar.m in Sources */ = {isa = PBXBuildFile; fileRef = 41D9BD2921D8DAD400269354 /* LYTabBar.m */; };
		41D9BD3221D9DF3600269354 /* LYBadgeView.m in Sources */ = {isa = PBXBuildFile; fileRef = 41D9BD3121D9DF3600269354 /* LYBadgeView.m */; };
		41D9BD3521D9E3A200269354 /* LYProfileViewController.m in Sources */ = {isa = PBXBuildFile; fileRef = 41D9BD3421D9E3A200269354 /* LYProfileViewController.m */; };
		41D9BD3821D9E3C500269354 /* LYMessageViewController.m in Sources */ = {isa = PBXBuildFile; fileRef = 41D9BD3721D9E3C500269354 /* LYMessageViewController.m */; };
		41D9BD3B21D9E3F100269354 /* LYHomeViewController.m in Sources */ = {isa = PBXBuildFile; fileRef = 41D9BD3A21D9E3F100269354 /* LYHomeViewController.m */; };
		41D9BD3E21D9E40700269354 /* LYDiscoverViewController.m in Sources */ = {isa = PBXBuildFile; fileRef = 41D9BD3D21D9E40700269354 /* LYDiscoverViewController.m */; };
		41D9BD4121D9E56300269354 /* LYTabBarButton.m in Sources */ = {isa = PBXBuildFile; fileRef = 41D9BD4021D9E56300269354 /* LYTabBarButton.m */; };
/* End PBXBuildFile section */

/* Begin PBXContainerItemProxy section */
		41D9BCE521D88ABE00269354 /* PBXContainerItemProxy */ = {
			isa = PBXContainerItemProxy;
			containerPortal = 41D9BCC421D88ABC00269354 /* Project object */;
			proxyType = 1;
			remoteGlobalIDString = 41D9BCCB21D88ABC00269354;
			remoteInfo = weibo;
		};
		41D9BCF021D88ABF00269354 /* PBXContainerItemProxy */ = {
			isa = PBXContainerItemProxy;
			containerPortal = 41D9BCC421D88ABC00269354 /* Project object */;
			proxyType = 1;
			remoteGlobalIDString = 41D9BCCB21D88ABC00269354;
			remoteInfo = weibo;
		};
/* End PBXContainerItemProxy section */

/* Begin PBXFileReference section */
		418625DF2206DD9A00E521DB /* LYOneViewController.h */ = {isa = PBXFileReference; lastKnownFileType = sourcecode.c.h; path = LYOneViewController.h; sourceTree = "<group>"; };
		418625E02206DD9A00E521DB /* LYOneViewController.m */ = {isa = PBXFileReference; lastKnownFileType = sourcecode.c.objc; path = LYOneViewController.m; sourceTree = "<group>"; };
		418625E12206DD9A00E521DB /* LYOneViewController.xib */ = {isa = PBXFileReference; lastKnownFileType = file.xib; path = LYOneViewController.xib; sourceTree = "<group>"; };
		418625E42206E53500E521DB /* LYTwoViewController.h */ = {isa = PBXFileReference; lastKnownFileType = sourcecode.c.h; path = LYTwoViewController.h; sourceTree = "<group>"; };
		418625E52206E53500E521DB /* LYTwoViewController.m */ = {isa = PBXFileReference; lastKnownFileType = sourcecode.c.objc; path = LYTwoViewController.m; sourceTree = "<group>"; };
		418625E62206E53500E521DB /* LYTwoViewController.xib */ = {isa = PBXFileReference; lastKnownFileType = file.xib; path = LYTwoViewController.xib; sourceTree = "<group>"; };
		418625F42208180F00E521DB /* LYNewFeatureCell.h */ = {isa = PBXFileReference; lastKnownFileType = sourcecode.c.h; path = LYNewFeatureCell.h; sourceTree = "<group>"; };
		418625F52208180F00E521DB /* LYNewFeatureCell.m */ = {isa = PBXFileReference; lastKnownFileType = sourcecode.c.objc; path = LYNewFeatureCell.m; sourceTree = "<group>"; };
		418625F72208199F00E521DB /* LYNewFeatureController.h */ = {isa = PBXFileReference; lastKnownFileType = sourcecode.c.h; path = LYNewFeatureController.h; sourceTree = "<group>"; };
		418625F82208199F00E521DB /* LYNewFeatureController.m */ = {isa = PBXFileReference; lastKnownFileType = sourcecode.c.objc; path = LYNewFeatureController.m; sourceTree = "<group>"; };
		418625FE220BD0DA00E521DB /* LYOAuthViewController.h */ = {isa = PBXFileReference; lastKnownFileType = sourcecode.c.h; path = LYOAuthViewController.h; sourceTree = "<group>"; };
		418625FF220BD0DA00E521DB /* LYOAuthViewController.m */ = {isa = PBXFileReference; lastKnownFileType = sourcecode.c.objc; path = LYOAuthViewController.m; sourceTree = "<group>"; };
		41862603220BD2EE00E521DB /* MBProgressHUD.m */ = {isa = PBXFileReference; fileEncoding = 4; lastKnownFileType = sourcecode.c.objc; path = MBProgressHUD.m; sourceTree = "<group>"; };
		41862604220BD2EE00E521DB /* MBProgressHUD+MJ.h */ = {isa = PBXFileReference; fileEncoding = 4; lastKnownFileType = sourcecode.c.h; path = "MBProgressHUD+MJ.h"; sourceTree = "<group>"; };
		41862605220BD2EE00E521DB /* MBProgressHUD.h */ = {isa = PBXFileReference; fileEncoding = 4; lastKnownFileType = sourcecode.c.h; path = MBProgressHUD.h; sourceTree = "<group>"; };
		41862606220BD2EE00E521DB /* MBProgressHUD+MJ.m */ = {isa = PBXFileReference; fileEncoding = 4; lastKnownFileType = sourcecode.c.objc; path = "MBProgressHUD+MJ.m"; sourceTree = "<group>"; };
		41862607220BD2EE00E521DB /* MBProgressHUD.bundle */ = {isa = PBXFileReference; lastKnownFileType = "wrapper.plug-in"; path = MBProgressHUD.bundle; sourceTree = "<group>"; };
		4186260C220BD42D00E521DB /* AFSecurityPolicy.h */ = {isa = PBXFileReference; fileEncoding = 4; lastKnownFileType = sourcecode.c.h; path = AFSecurityPolicy.h; sourceTree = "<group>"; };
		4186260D220BD42D00E521DB /* AFNetworkReachabilityManager.h */ = {isa = PBXFileReference; fileEncoding = 4; lastKnownFileType = sourcecode.c.h; path = AFNetworkReachabilityManager.h; sourceTree = "<group>"; };
		4186260E220BD42D00E521DB /* AFHTTPRequestOperation.h */ = {isa = PBXFileReference; fileEncoding = 4; lastKnownFileType = sourcecode.c.h; path = AFHTTPRequestOperation.h; sourceTree = "<group>"; };
		4186260F220BD42D00E521DB /* AFHTTPRequestOperationManager.h */ = {isa = PBXFileReference; fileEncoding = 4; lastKnownFileType = sourcecode.c.h; path = AFHTTPRequestOperationManager.h; sourceTree = "<group>"; };
		41862610220BD42D00E521DB /* AFURLSessionManager.h */ = {isa = PBXFileReference; fileEncoding = 4; lastKnownFileType = sourcecode.c.h; path = AFURLSessionManager.h; sourceTree = "<group>"; };
		41862611220BD42D00E521DB /* AFURLRequestSerialization.h */ = {isa = PBXFileReference; fileEncoding = 4; lastKnownFileType = sourcecode.c.h; path = AFURLRequestSerialization.h; sourceTree = "<group>"; };
		41862612220BD42D00E521DB /* AFURLConnectionOperation.h */ = {isa = PBXFileReference; fileEncoding = 4; lastKnownFileType = sourcecode.c.h; path = AFURLConnectionOperation.h; sourceTree = "<group>"; };
		41862613220BD42D00E521DB /* AFURLResponseSerialization.m */ = {isa = PBXFileReference; fileEncoding = 4; lastKnownFileType = sourcecode.c.objc; path = AFURLResponseSerialization.m; sourceTree = "<group>"; };
		41862614220BD42D00E521DB /* AFHTTPSessionManager.m */ = {isa = PBXFileReference; fileEncoding = 4; lastKnownFileType = sourcecode.c.objc; path = AFHTTPSessionManager.m; sourceTree = "<group>"; };
		41862615220BD42D00E521DB /* AFURLConnectionOperation.m */ = {isa = PBXFileReference; fileEncoding = 4; lastKnownFileType = sourcecode.c.objc; path = AFURLConnectionOperation.m; sourceTree = "<group>"; };
		41862616220BD42D00E521DB /* AFURLResponseSerialization.h */ = {isa = PBXFileReference; fileEncoding = 4; lastKnownFileType = sourcecode.c.h; path = AFURLResponseSerialization.h; sourceTree = "<group>"; };
		41862617220BD42D00E521DB /* AFURLSessionManager.m */ = {isa = PBXFileReference; fileEncoding = 4; lastKnownFileType = sourcecode.c.objc; path = AFURLSessionManager.m; sourceTree = "<group>"; };
		41862618220BD42D00E521DB /* AFHTTPRequestOperationManager.m */ = {isa = PBXFileReference; fileEncoding = 4; lastKnownFileType = sourcecode.c.objc; path = AFHTTPRequestOperationManager.m; sourceTree = "<group>"; };
		41862619220BD42D00E521DB /* AFURLRequestSerialization.m */ = {isa = PBXFileReference; fileEncoding = 4; lastKnownFileType = sourcecode.c.objc; path = AFURLRequestSerialization.m; sourceTree = "<group>"; };
		4186261A220BD42D00E521DB /* AFHTTPRequestOperation.m */ = {isa = PBXFileReference; fileEncoding = 4; lastKnownFileType = sourcecode.c.objc; path = AFHTTPRequestOperation.m; sourceTree = "<group>"; };
		4186261B220BD42D00E521DB /* AFNetworking.h */ = {isa = PBXFileReference; fileEncoding = 4; lastKnownFileType = sourcecode.c.h; path = AFNetworking.h; sourceTree = "<group>"; };
		4186261C220BD42D00E521DB /* AFNetworkReachabilityManager.m */ = {isa = PBXFileReference; fileEncoding = 4; lastKnownFileType = sourcecode.c.objc; path = AFNetworkReachabilityManager.m; sourceTree = "<group>"; };
		4186261D220BD42D00E521DB /* AFSecurityPolicy.m */ = {isa = PBXFileReference; fileEncoding = 4; lastKnownFileType = sourcecode.c.objc; path = AFSecurityPolicy.m; sourceTree = "<group>"; };
		4186261E220BD42D00E521DB /* AFHTTPSessionManager.h */ = {isa = PBXFileReference; fileEncoding = 4; lastKnownFileType = sourcecode.c.h; path = AFHTTPSessionManager.h; sourceTree = "<group>"; };
		41862628220C0A4100E521DB /* LYAccount.h */ = {isa = PBXFileReference; lastKnownFileType = sourcecode.c.h; path = LYAccount.h; sourceTree = "<group>"; };
		41862629220C0A4100E521DB /* LYAccount.m */ = {isa = PBXFileReference; lastKnownFileType = sourcecode.c.objc; path = LYAccount.m; sourceTree = "<group>"; };
		4186262D220C121700E521DB /* LYAccountTool.h */ = {isa = PBXFileReference; lastKnownFileType = sourcecode.c.h; path = LYAccountTool.h; sourceTree = "<group>"; };
		4186262E220C121700E521DB /* LYAccountTool.m */ = {isa = PBXFileReference; lastKnownFileType = sourcecode.c.objc; path = LYAccountTool.m; sourceTree = "<group>"; };
		41862631220C147B00E521DB /* LYRootVcTool.h */ = {isa = PBXFileReference; lastKnownFileType = sourcecode.c.h; path = LYRootVcTool.h; sourceTree = "<group>"; };
		41862632220C147B00E521DB /* LYRootVcTool.m */ = {isa = PBXFileReference; lastKnownFileType = sourcecode.c.objc; path = LYRootVcTool.m; sourceTree = "<group>"; };
		41862635220C1BE700E521DB /* MJPropertyKey.h */ = {isa = PBXFileReference; fileEncoding = 4; lastKnownFileType = sourcecode.c.h; path = MJPropertyKey.h; sourceTree = "<group>"; };
		41862636220C1BE700E521DB /* NSObject+MJClass.h */ = {isa = PBXFileReference; fileEncoding = 4; lastKnownFileType = sourcecode.c.h; path = "NSObject+MJClass.h"; sourceTree = "<group>"; };
		41862637220C1BE700E521DB /* NSString+MJExtension.h */ = {isa = PBXFileReference; fileEncoding = 4; lastKnownFileType = sourcecode.c.h; path = "NSString+MJExtension.h"; sourceTree = "<group>"; };
		41862638220C1BE700E521DB /* MJPropertyType.m */ = {isa = PBXFileReference; fileEncoding = 4; lastKnownFileType = sourcecode.c.objc; path = MJPropertyType.m; sourceTree = "<group>"; };
		41862639220C1BE700E521DB /* NSObject+MJProperty.h */ = {isa = PBXFileReference; fileEncoding = 4; lastKnownFileType = sourcecode.c.h; path = "NSObject+MJProperty.h"; sourceTree = "<group>"; };
		4186263A220C1BE700E521DB /* MJExtensionConst.h */ = {isa = PBXFileReference; fileEncoding = 4; lastKnownFileType = sourcecode.c.h; path = MJExtensionConst.h; sourceTree = "<group>"; };
		4186263B220C1BE700E521DB /* NSObject+MJKeyValue.m */ = {isa = PBXFileReference; fileEncoding = 4; lastKnownFileType = sourcecode.c.objc; path = "NSObject+MJKeyValue.m"; sourceTree = "<group>"; };
		4186263C220C1BE700E521DB /* MJDictionaryCache.h */ = {isa = PBXFileReference; fileEncoding = 4; lastKnownFileType = sourcecode.c.h; path = MJDictionaryCache.h; sourceTree = "<group>"; };
		4186263D220C1BE700E521DB /* MJProperty.m */ = {isa = PBXFileReference; fileEncoding = 4; lastKnownFileType = sourcecode.c.objc; path = MJProperty.m; sourceTree = "<group>"; };
		4186263E220C1BE700E521DB /* MJFoundation.h */ = {isa = PBXFileReference; fileEncoding = 4; lastKnownFileType = sourcecode.c.h; path = MJFoundation.h; sourceTree = "<group>"; };
		4186263F220C1BE700E521DB /* NSObject+MJCoding.m */ = {isa = PBXFileReference; fileEncoding = 4; lastKnownFileType = sourcecode.c.objc; path = "NSObject+MJCoding.m"; sourceTree = "<group>"; };
		41862640220C1BE700E521DB /* MJExtension.h */ = {isa = PBXFileReference; fileEncoding = 4; lastKnownFileType = sourcecode.c.h; path = MJExtension.h; sourceTree = "<group>"; };
		41862641220C1BE700E521DB /* MJExtensionConst.m */ = {isa = PBXFileReference; fileEncoding = 4; lastKnownFileType = sourcecode.c.objc; path = MJExtensionConst.m; sourceTree = "<group>"; };
		41862642220C1BE700E521DB /* NSObject+MJProperty.m */ = {isa = PBXFileReference; fileEncoding = 4; lastKnownFileType = sourcecode.c.objc; path = "NSObject+MJProperty.m"; sourceTree = "<group>"; };
		41862643220C1BE700E521DB /* MJPropertyType.h */ = {isa = PBXFileReference; fileEncoding = 4; lastKnownFileType = sourcecode.c.h; path = MJPropertyType.h; sourceTree = "<group>"; };
		41862644220C1BE700E521DB /* NSObject+MJClass.m */ = {isa = PBXFileReference; fileEncoding = 4; lastKnownFileType = sourcecode.c.objc; path = "NSObject+MJClass.m"; sourceTree = "<group>"; };
		41862645220C1BE700E521DB /* NSString+MJExtension.m */ = {isa = PBXFileReference; fileEncoding = 4; lastKnownFileType = sourcecode.c.objc; path = "NSString+MJExtension.m"; sourceTree = "<group>"; };
		41862646220C1BE700E521DB /* MJPropertyKey.m */ = {isa = PBXFileReference; fileEncoding = 4; lastKnownFileType = sourcecode.c.objc; path = MJPropertyKey.m; sourceTree = "<group>"; };
		41862647220C1BE700E521DB /* MJProperty.h */ = {isa = PBXFileReference; fileEncoding = 4; lastKnownFileType = sourcecode.c.h; path = MJProperty.h; sourceTree = "<group>"; };
		41862648220C1BE700E521DB /* MJDictionaryCache.m */ = {isa = PBXFileReference; fileEncoding = 4; lastKnownFileType = sourcecode.c.objc; path = MJDictionaryCache.m; sourceTree = "<group>"; };
		41862649220C1BE700E521DB /* NSObject+MJKeyValue.h */ = {isa = PBXFileReference; fileEncoding = 4; lastKnownFileType = sourcecode.c.h; path = "NSObject+MJKeyValue.h"; sourceTree = "<group>"; };
		4186264A220C1BE700E521DB /* NSObject+MJCoding.h */ = {isa = PBXFileReference; fileEncoding = 4; lastKnownFileType = sourcecode.c.h; path = "NSObject+MJCoding.h"; sourceTree = "<group>"; };
		4186264B220C1BE700E521DB /* MJFoundation.m */ = {isa = PBXFileReference; fileEncoding = 4; lastKnownFileType = sourcecode.c.objc; path = MJFoundation.m; sourceTree = "<group>"; };
		41862658220C1C9600E521DB /* LYUser.h */ = {isa = PBXFileReference; fileEncoding = 4; lastKnownFileType = sourcecode.c.h; path = LYUser.h; sourceTree = "<group>"; };
		41862659220C1C9600E521DB /* LYPhoto.h */ = {isa = PBXFileReference; fileEncoding = 4; lastKnownFileType = sourcecode.c.h; path = LYPhoto.h; sourceTree = "<group>"; };
		4186265A220C1C9600E521DB /* LYPhoto.m */ = {isa = PBXFileReference; fileEncoding = 4; lastKnownFileType = sourcecode.c.objc; path = LYPhoto.m; sourceTree = "<group>"; };
		4186265B220C1C9600E521DB /* LYStatus.m */ = {isa = PBXFileReference; fileEncoding = 4; lastKnownFileType = sourcecode.c.objc; path = LYStatus.m; sourceTree = "<group>"; };
		4186265C220C1C9600E521DB /* LYUser.m */ = {isa = PBXFileReference; fileEncoding = 4; lastKnownFileType = sourcecode.c.objc; path = LYUser.m; sourceTree = "<group>"; };
		4186265D220C1C9600E521DB /* LYStatus.h */ = {isa = PBXFileReference; fileEncoding = 4; lastKnownFileType = sourcecode.c.h; path = LYStatus.h; sourceTree = "<group>"; };
		41862662220C1F8900E521DB /* UIImage+WebP.m */ = {isa = PBXFileReference; fileEncoding = 4; lastKnownFileType = sourcecode.c.objc; path = "UIImage+WebP.m"; sourceTree = "<group>"; };
		41862663220C1F8900E521DB /* MKAnnotationView+WebCache.m */ = {isa = PBXFileReference; fileEncoding = 4; lastKnownFileType = sourcecode.c.objc; path = "MKAnnotationView+WebCache.m"; sourceTree = "<group>"; };
		41862664220C1F8900E521DB /* UIImageView+WebCache.h */ = {isa = PBXFileReference; fileEncoding = 4; lastKnownFileType = sourcecode.c.h; path = "UIImageView+WebCache.h"; sourceTree = "<group>"; };
		41862665220C1F8900E521DB /* NSData+ImageContentType.h */ = {isa = PBXFileReference; fileEncoding = 4; lastKnownFileType = sourcecode.c.h; path = "NSData+ImageContentType.h"; sourceTree = "<group>"; };
		41862666220C1F8900E521DB /* SDWebImageManager.m */ = {isa = PBXFileReference; fileEncoding = 4; lastKnownFileType = sourcecode.c.objc; path = SDWebImageManager.m; sourceTree = "<group>"; };
		41862667220C1F8900E521DB /* SDWebImageDecoder.m */ = {isa = PBXFileReference; fileEncoding = 4; lastKnownFileType = sourcecode.c.objc; path = SDWebImageDecoder.m; sourceTree = "<group>"; };
		41862668220C1F8900E521DB /* SDWebImageDownloaderOperation.h */ = {isa = PBXFileReference; fileEncoding = 4; lastKnownFileType = sourcecode.c.h; path = SDWebImageDownloaderOperation.h; sourceTree = "<group>"; };
		41862669220C1F8900E521DB /* UIImageView+HighlightedWebCache.m */ = {isa = PBXFileReference; fileEncoding = 4; lastKnownFileType = sourcecode.c.objc; path = "UIImageView+HighlightedWebCache.m"; sourceTree = "<group>"; };
		4186266A220C1F8900E521DB /* SDImageCache.h */ = {isa = PBXFileReference; fileEncoding = 4; lastKnownFileType = sourcecode.c.h; path = SDImageCache.h; sourceTree = "<group>"; };
		4186266B220C1F8900E521DB /* SDWebImageDownloader.m */ = {isa = PBXFileReference; fileEncoding = 4; lastKnownFileType = sourcecode.c.objc; path = SDWebImageDownloader.m; sourceTree = "<group>"; };
		4186266C220C1F8900E521DB /* UIImage+GIF.m */ = {isa = PBXFileReference; fileEncoding = 4; lastKnownFileType = sourcecode.c.objc; path = "UIImage+GIF.m"; sourceTree = "<group>"; };
		4186266D220C1F8900E521DB /* UIButton+WebCache.h */ = {isa = PBXFileReference; fileEncoding = 4; lastKnownFileType = sourcecode.c.h; path = "UIButton+WebCache.h"; sourceTree = "<group>"; };
		4186266E220C1F8900E521DB /* UIImage+MultiFormat.m */ = {isa = PBXFileReference; fileEncoding = 4; lastKnownFileType = sourcecode.c.objc; path = "UIImage+MultiFormat.m"; sourceTree = "<group>"; };
		4186266F220C1F8900E521DB /* SDWebImageCompat.m */ = {isa = PBXFileReference; fileEncoding = 4; lastKnownFileType = sourcecode.c.objc; path = SDWebImageCompat.m; sourceTree = "<group>"; };
		41862670220C1F8900E521DB /* SDWebImagePrefetcher.m */ = {isa = PBXFileReference; fileEncoding = 4; lastKnownFileType = sourcecode.c.objc; path = SDWebImagePrefetcher.m; sourceTree = "<group>"; };
		41862671220C1F8900E521DB /* UIView+WebCacheOperation.h */ = {isa = PBXFileReference; fileEncoding = 4; lastKnownFileType = sourcecode.c.h; path = "UIView+WebCacheOperation.h"; sourceTree = "<group>"; };
		41862672220C1F8900E521DB /* MKAnnotationView+WebCache.h */ = {isa = PBXFileReference; fileEncoding = 4; lastKnownFileType = sourcecode.c.h; path = "MKAnnotationView+WebCache.h"; sourceTree = "<group>"; };
		41862673220C1F8900E521DB /* UIImage+WebP.h */ = {isa = PBXFileReference; fileEncoding = 4; lastKnownFileType = sourcecode.c.h; path = "UIImage+WebP.h"; sourceTree = "<group>"; };
		41862674220C1F8900E521DB /* SDImageCache.m */ = {isa = PBXFileReference; fileEncoding = 4; lastKnownFileType = sourcecode.c.objc; path = SDImageCache.m; sourceTree = "<group>"; };
		41862675220C1F8900E521DB /* UIImageView+HighlightedWebCache.h */ = {isa = PBXFileReference; fileEncoding = 4; lastKnownFileType = sourcecode.c.h; path = "UIImageView+HighlightedWebCache.h"; sourceTree = "<group>"; };
		41862676220C1F8900E521DB /* SDWebImageDownloaderOperation.m */ = {isa = PBXFileReference; fileEncoding = 4; lastKnownFileType = sourcecode.c.objc; path = SDWebImageDownloaderOperation.m; sourceTree = "<group>"; };
		41862677220C1F8900E521DB /* SDWebImageDecoder.h */ = {isa = PBXFileReference; fileEncoding = 4; lastKnownFileType = sourcecode.c.h; path = SDWebImageDecoder.h; sourceTree = "<group>"; };
		41862678220C1F8900E521DB /* SDWebImageManager.h */ = {isa = PBXFileReference; fileEncoding = 4; lastKnownFileType = sourcecode.c.h; path = SDWebImageManager.h; sourceTree = "<group>"; };
		41862679220C1F8900E521DB /* NSData+ImageContentType.m */ = {isa = PBXFileReference; fileEncoding = 4; lastKnownFileType = sourcecode.c.objc; path = "NSData+ImageContentType.m"; sourceTree = "<group>"; };
		4186267A220C1F8900E521DB /* UIImageView+WebCache.m */ = {isa = PBXFileReference; fileEncoding = 4; lastKnownFileType = sourcecode.c.objc; path = "UIImageView+WebCache.m"; sourceTree = "<group>"; };
		4186267B220C1F8900E521DB /* SDWebImageOperation.h */ = {isa = PBXFileReference; fileEncoding = 4; lastKnownFileType = sourcecode.c.h; path = SDWebImageOperation.h; sourceTree = "<group>"; };
		4186267C220C1F8900E521DB /* SDWebImageDownloader.h */ = {isa = PBXFileReference; fileEncoding = 4; lastKnownFileType = sourcecode.c.h; path = SDWebImageDownloader.h; sourceTree = "<group>"; };
		4186267D220C1F8900E521DB /* UIView+WebCacheOperation.m */ = {isa = PBXFileReference; fileEncoding = 4; lastKnownFileType = sourcecode.c.objc; path = "UIView+WebCacheOperation.m"; sourceTree = "<group>"; };
		4186267E220C1F8900E521DB /* SDWebImagePrefetcher.h */ = {isa = PBXFileReference; fileEncoding = 4; lastKnownFileType = sourcecode.c.h; path = SDWebImagePrefetcher.h; sourceTree = "<group>"; };
		4186267F220C1F8900E521DB /* SDWebImageCompat.h */ = {isa = PBXFileReference; fileEncoding = 4; lastKnownFileType = sourcecode.c.h; path = SDWebImageCompat.h; sourceTree = "<group>"; };
		41862680220C1F8900E521DB /* UIImage+MultiFormat.h */ = {isa = PBXFileReference; fileEncoding = 4; lastKnownFileType = sourcecode.c.h; path = "UIImage+MultiFormat.h"; sourceTree = "<group>"; };
		41862681220C1F8900E521DB /* UIButton+WebCache.m */ = {isa = PBXFileReference; fileEncoding = 4; lastKnownFileType = sourcecode.c.objc; path = "UIButton+WebCache.m"; sourceTree = "<group>"; };
		41862682220C1F8900E521DB /* UIImage+GIF.h */ = {isa = PBXFileReference; fileEncoding = 4; lastKnownFileType = sourcecode.c.h; path = "UIImage+GIF.h"; sourceTree = "<group>"; };
		418626F7220C239700E521DB /* UIScrollView+MJRefresh.m */ = {isa = PBXFileReference; fileEncoding = 4; lastKnownFileType = sourcecode.c.objc; path = "UIScrollView+MJRefresh.m"; sourceTree = "<group>"; };
		418626F8220C239700E521DB /* MJRefreshConst.m */ = {isa = PBXFileReference; fileEncoding = 4; lastKnownFileType = sourcecode.c.objc; path = MJRefreshConst.m; sourceTree = "<group>"; };
		418626F9220C239700E521DB /* UIScrollView+MJExtension.h */ = {isa = PBXFileReference; fileEncoding = 4; lastKnownFileType = sourcecode.c.h; path = "UIScrollView+MJExtension.h"; sourceTree = "<group>"; };
		418626FA220C239700E521DB /* MJRefresh.h */ = {isa = PBXFileReference; fileEncoding = 4; lastKnownFileType = sourcecode.c.h; path = MJRefresh.h; sourceTree = "<group>"; };
		418626FB220C239700E521DB /* MJRefresh.bundle */ = {isa = PBXFileReference; lastKnownFileType = "wrapper.plug-in"; path = MJRefresh.bundle; sourceTree = "<group>"; };
		418626FC220C239700E521DB /* UIView+MJExtension.h */ = {isa = PBXFileReference; fileEncoding = 4; lastKnownFileType = sourcecode.c.h; path = "UIView+MJExtension.h"; sourceTree = "<group>"; };
		418626FD220C239700E521DB /* UIScrollView+MJExtension.m */ = {isa = PBXFileReference; fileEncoding = 4; lastKnownFileType = sourcecode.c.objc; path = "UIScrollView+MJExtension.m"; sourceTree = "<group>"; };
		418626FE220C239700E521DB /* MJRefreshConst.h */ = {isa = PBXFileReference; fileEncoding = 4; lastKnownFileType = sourcecode.c.h; path = MJRefreshConst.h; sourceTree = "<group>"; };
		418626FF220C239700E521DB /* UIScrollView+MJRefresh.h */ = {isa = PBXFileReference; fileEncoding = 4; lastKnownFileType = sourcecode.c.h; path = "UIScrollView+MJRefresh.h"; sourceTree = "<group>"; };
		41862700220C239700E521DB /* UIView+MJExtension.m */ = {isa = PBXFileReference; fileEncoding = 4; lastKnownFileType = sourcecode.c.objc; path = "UIView+MJExtension.m"; sourceTree = "<group>"; };
		41862704220C239700E521DB /* MJRefreshBackGifFooter.h */ = {isa = PBXFileReference; fileEncoding = 4; lastKnownFileType = sourcecode.c.h; path = MJRefreshBackGifFooter.h; sourceTree = "<group>"; };
		41862705220C239700E521DB /* MJRefreshBackStateFooter.h */ = {isa = PBXFileReference; fileEncoding = 4; lastKnownFileType = sourcecode.c.h; path = MJRefreshBackStateFooter.h; sourceTree = "<group>"; };
		41862706220C239700E521DB /* MJRefreshBackNormalFooter.h */ = {isa = PBXFileReference; fileEncoding = 4; lastKnownFileType = sourcecode.c.h; path = MJRefreshBackNormalFooter.h; sourceTree = "<group>"; };
		41862707220C239700E521DB /* MJRefreshBackGifFooter.m */ = {isa = PBXFileReference; fileEncoding = 4; lastKnownFileType = sourcecode.c.objc; path = MJRefreshBackGifFooter.m; sourceTree = "<group>"; };
		41862708220C239700E521DB /* MJRefreshBackStateFooter.m */ = {isa = PBXFileReference; fileEncoding = 4; lastKnownFileType = sourcecode.c.objc; path = MJRefreshBackStateFooter.m; sourceTree = "<group>"; };
		41862709220C239700E521DB /* MJRefreshBackNormalFooter.m */ = {isa = PBXFileReference; fileEncoding = 4; lastKnownFileType = sourcecode.c.objc; path = MJRefreshBackNormalFooter.m; sourceTree = "<group>"; };
		4186270B220C239700E521DB /* MJRefreshAutoStateFooter.h */ = {isa = PBXFileReference; fileEncoding = 4; lastKnownFileType = sourcecode.c.h; path = MJRefreshAutoStateFooter.h; sourceTree = "<group>"; };
		4186270C220C239700E521DB /* MJRefreshAutoNormalFooter.h */ = {isa = PBXFileReference; fileEncoding = 4; lastKnownFileType = sourcecode.c.h; path = MJRefreshAutoNormalFooter.h; sourceTree = "<group>"; };
		4186270D220C239700E521DB /* MJRefreshAutoGifFooter.h */ = {isa = PBXFileReference; fileEncoding = 4; lastKnownFileType = sourcecode.c.h; path = MJRefreshAutoGifFooter.h; sourceTree = "<group>"; };
		4186270E220C239700E521DB /* MJRefreshAutoStateFooter.m */ = {isa = PBXFileReference; fileEncoding = 4; lastKnownFileType = sourcecode.c.objc; path = MJRefreshAutoStateFooter.m; sourceTree = "<group>"; };
		4186270F220C239700E521DB /* MJRefreshAutoGifFooter.m */ = {isa = PBXFileReference; fileEncoding = 4; lastKnownFileType = sourcecode.c.objc; path = MJRefreshAutoGifFooter.m; sourceTree = "<group>"; };
		41862710220C239700E521DB /* MJRefreshAutoNormalFooter.m */ = {isa = PBXFileReference; fileEncoding = 4; lastKnownFileType = sourcecode.c.objc; path = MJRefreshAutoNormalFooter.m; sourceTree = "<group>"; };
		41862712220C239700E521DB /* MJRefreshNormalHeader.m */ = {isa = PBXFileReference; fileEncoding = 4; lastKnownFileType = sourcecode.c.objc; path = MJRefreshNormalHeader.m; sourceTree = "<group>"; };
		41862713220C239700E521DB /* MJRefreshStateHeader.h */ = {isa = PBXFileReference; fileEncoding = 4; lastKnownFileType = sourcecode.c.h; path = MJRefreshStateHeader.h; sourceTree = "<group>"; };
		41862714220C239700E521DB /* MJRefreshGifHeader.h */ = {isa = PBXFileReference; fileEncoding = 4; lastKnownFileType = sourcecode.c.h; path = MJRefreshGifHeader.h; sourceTree = "<group>"; };
		41862715220C239700E521DB /* MJRefreshNormalHeader.h */ = {isa = PBXFileReference; fileEncoding = 4; lastKnownFileType = sourcecode.c.h; path = MJRefreshNormalHeader.h; sourceTree = "<group>"; };
		41862716220C239700E521DB /* MJRefreshStateHeader.m */ = {isa = PBXFileReference; fileEncoding = 4; lastKnownFileType = sourcecode.c.objc; path = MJRefreshStateHeader.m; sourceTree = "<group>"; };
		41862717220C239700E521DB /* MJRefreshGifHeader.m */ = {isa = PBXFileReference; fileEncoding = 4; lastKnownFileType = sourcecode.c.objc; path = MJRefreshGifHeader.m; sourceTree = "<group>"; };
		41862719220C239700E521DB /* MJRefreshFooter.m */ = {isa = PBXFileReference; fileEncoding = 4; lastKnownFileType = sourcecode.c.objc; path = MJRefreshFooter.m; sourceTree = "<group>"; };
		4186271A220C239700E521DB /* MJRefreshComponent.h */ = {isa = PBXFileReference; fileEncoding = 4; lastKnownFileType = sourcecode.c.h; path = MJRefreshComponent.h; sourceTree = "<group>"; };
		4186271B220C239700E521DB /* MJRefreshHeader.m */ = {isa = PBXFileReference; fileEncoding = 4; lastKnownFileType = sourcecode.c.objc; path = MJRefreshHeader.m; sourceTree = "<group>"; };
		4186271C220C239700E521DB /* MJRefreshAutoFooter.h */ = {isa = PBXFileReference; fileEncoding = 4; lastKnownFileType = sourcecode.c.h; path = MJRefreshAutoFooter.h; sourceTree = "<group>"; };
		4186271D220C239700E521DB /* MJRefreshBackFooter.m */ = {isa = PBXFileReference; fileEncoding = 4; lastKnownFileType = sourcecode.c.objc; path = MJRefreshBackFooter.m; sourceTree = "<group>"; };
		4186271E220C239700E521DB /* MJRefreshAutoFooter.m */ = {isa = PBXFileReference; fileEncoding = 4; lastKnownFileType = sourcecode.c.objc; path = MJRefreshAutoFooter.m; sourceTree = "<group>"; };
		4186271F220C239700E521DB /* MJRefreshHeader.h */ = {isa = PBXFileReference; fileEncoding = 4; lastKnownFileType = sourcecode.c.h; path = MJRefreshHeader.h; sourceTree = "<group>"; };
		41862720220C239700E521DB /* MJRefreshComponent.m */ = {isa = PBXFileReference; fileEncoding = 4; lastKnownFileType = sourcecode.c.objc; path = MJRefreshComponent.m; sourceTree = "<group>"; };
		41862721220C239700E521DB /* MJRefreshFooter.h */ = {isa = PBXFileReference; fileEncoding = 4; lastKnownFileType = sourcecode.c.h; path = MJRefreshFooter.h; sourceTree = "<group>"; };
		41862722220C239700E521DB /* MJRefreshBackFooter.h */ = {isa = PBXFileReference; fileEncoding = 4; lastKnownFileType = sourcecode.c.h; path = MJRefreshBackFooter.h; sourceTree = "<group>"; };
		41862737220D148B00E521DB /* LYHttpTool.h */ = {isa = PBXFileReference; lastKnownFileType = sourcecode.c.h; path = LYHttpTool.h; sourceTree = "<group>"; };
		41862738220D148B00E521DB /* LYHttpTool.m */ = {isa = PBXFileReference; lastKnownFileType = sourcecode.c.objc; path = LYHttpTool.m; sourceTree = "<group>"; };
		41862741220D1D3C00E521DB /* LYStatusParam.h */ = {isa = PBXFileReference; lastKnownFileType = sourcecode.c.h; path = LYStatusParam.h; sourceTree = "<group>"; };
		41862742220D1D3C00E521DB /* LYStatusParam.m */ = {isa = PBXFileReference; lastKnownFileType = sourcecode.c.objc; path = LYStatusParam.m; sourceTree = "<group>"; };
		41862745220D1DC400E521DB /* LYStatusResult.h */ = {isa = PBXFileReference; lastKnownFileType = sourcecode.c.h; path = LYStatusResult.h; sourceTree = "<group>"; };
		41862746220D1DC400E521DB /* LYStatusResult.m */ = {isa = PBXFileReference; lastKnownFileType = sourcecode.c.objc; path = LYStatusResult.m; sourceTree = "<group>"; };
		41862749220D1E8100E521DB /* LYStatusTool.h */ = {isa = PBXFileReference; lastKnownFileType = sourcecode.c.h; path = LYStatusTool.h; sourceTree = "<group>"; };
		4186274A220D1E8100E521DB /* LYStatusTool.m */ = {isa = PBXFileReference; lastKnownFileType = sourcecode.c.objc; path = LYStatusTool.m; sourceTree = "<group>"; };
		4186274E220D2C8A00E521DB /* LYAccountParam.h */ = {isa = PBXFileReference; lastKnownFileType = sourcecode.c.h; path = LYAccountParam.h; sourceTree = "<group>"; };
		4186274F220D2C8A00E521DB /* LYAccountParam.m */ = {isa = PBXFileReference; lastKnownFileType = sourcecode.c.objc; path = LYAccountParam.m; sourceTree = "<group>"; };
		41A8A7EF22014836004966D4 /* UIView+Frame.m */ = {isa = PBXFileReference; fileEncoding = 4; lastKnownFileType = sourcecode.c.objc; path = "UIView+Frame.m"; sourceTree = "<group>"; };
		41A8A7F022014836004966D4 /* UIView+Frame.h */ = {isa = PBXFileReference; fileEncoding = 4; lastKnownFileType = sourcecode.c.h; path = "UIView+Frame.h"; sourceTree = "<group>"; };
		41A8A7F122014836004966D4 /* UIImage+image.m */ = {isa = PBXFileReference; fileEncoding = 4; lastKnownFileType = sourcecode.c.objc; path = "UIImage+image.m"; sourceTree = "<group>"; };
		41A8A7F222014836004966D4 /* UIImage+image.h */ = {isa = PBXFileReference; fileEncoding = 4; lastKnownFileType = sourcecode.c.h; path = "UIImage+image.h"; sourceTree = "<group>"; };
		41A8A7F522014BFA004966D4 /* LYNavigationController.h */ = {isa = PBXFileReference; lastKnownFileType = sourcecode.c.h; path = LYNavigationController.h; sourceTree = "<group>"; };
		41A8A7F622014BFA004966D4 /* LYNavigationController.m */ = {isa = PBXFileReference; lastKnownFileType = sourcecode.c.objc; path = LYNavigationController.m; sourceTree = "<group>"; };
		41A8A80222029B8D004966D4 /* UIBarButtonItem+Item.h */ = {isa = PBXFileReference; fileEncoding = 4; lastKnownFileType = sourcecode.c.h; path = "UIBarButtonItem+Item.h"; sourceTree = "<group>"; };
		41A8A80322029B8D004966D4 /* UIBarButtonItem+Item.m */ = {isa = PBXFileReference; fileEncoding = 4; lastKnownFileType = sourcecode.c.objc; path = "UIBarButtonItem+Item.m"; sourceTree = "<group>"; };
		41A8A8052202A0F7004966D4 /* LYCover.m */ = {isa = PBXFileReference; fileEncoding = 4; lastKnownFileType = sourcecode.c.objc; path = LYCover.m; sourceTree = "<group>"; };
		41A8A8062202A0F7004966D4 /* LYPopMenu.h */ = {isa = PBXFileReference; fileEncoding = 4; lastKnownFileType = sourcecode.c.h; path = LYPopMenu.h; sourceTree = "<group>"; };
		41A8A8072202A0F7004966D4 /* LYPopMenu.m */ = {isa = PBXFileReference; fileEncoding = 4; lastKnownFileType = sourcecode.c.objc; path = LYPopMenu.m; sourceTree = "<group>"; };
		41A8A8082202A0F7004966D4 /* LYCover.h */ = {isa = PBXFileReference; fileEncoding = 4; lastKnownFileType = sourcecode.c.h; path = LYCover.h; sourceTree = "<group>"; };
		41A8A8092202A0F7004966D4 /* LYHomeTitle.h */ = {isa = PBXFileReference; fileEncoding = 4; lastKnownFileType = sourcecode.c.h; path = LYHomeTitle.h; sourceTree = "<group>"; };
		41A8A80A2202A0F7004966D4 /* LYHomeTitle.m */ = {isa = PBXFileReference; fileEncoding = 4; lastKnownFileType = sourcecode.c.objc; path = LYHomeTitle.m; sourceTree = "<group>"; };
		41A8A80E2202A81A004966D4 /* LYMenuViewController.h */ = {isa = PBXFileReference; fileEncoding = 4; lastKnownFileType = sourcecode.c.h; path = LYMenuViewController.h; sourceTree = "<group>"; };
		41A8A80F2202A81A004966D4 /* LYMenuViewController.m */ = {isa = PBXFileReference; fileEncoding = 4; lastKnownFileType = sourcecode.c.objc; path = LYMenuViewController.m; sourceTree = "<group>"; };
		41A8A8112202D6D2004966D4 /* weibo.pch */ = {isa = PBXFileReference; fileEncoding = 4; lastKnownFileType = sourcecode.c.h; path = weibo.pch; sourceTree = "<group>"; };
		41A8A8122202E11A004966D4 /* LYSearchBar.h */ = {isa = PBXFileReference; fileEncoding = 4; lastKnownFileType = sourcecode.c.h; path = LYSearchBar.h; sourceTree = "<group>"; };
		41A8A8132202E11A004966D4 /* LYSearchBar.m */ = {isa = PBXFileReference; fileEncoding = 4; lastKnownFileType = sourcecode.c.objc; path = LYSearchBar.m; sourceTree = "<group>"; };
		41D9BCCC21D88ABC00269354 /* weibo.app */ = {isa = PBXFileReference; explicitFileType = wrapper.application; includeInIndex = 0; path = weibo.app; sourceTree = BUILT_PRODUCTS_DIR; };
		41D9BCCF21D88ABC00269354 /* AppDelegate.h */ = {isa = PBXFileReference; lastKnownFileType = sourcecode.c.h; path = AppDelegate.h; sourceTree = "<group>"; };
		41D9BCD021D88ABC00269354 /* AppDelegate.m */ = {isa = PBXFileReference; lastKnownFileType = sourcecode.c.objc; path = AppDelegate.m; sourceTree = "<group>"; };
		41D9BCD821D88ABE00269354 /* Assets.xcassets */ = {isa = PBXFileReference; lastKnownFileType = folder.assetcatalog; path = Assets.xcassets; sourceTree = "<group>"; };
		41D9BCDB21D88ABE00269354 /* Base */ = {isa = PBXFileReference; lastKnownFileType = file.storyboard; name = Base; path = Base.lproj/LaunchScreen.storyboard; sourceTree = "<group>"; };
		41D9BCDD21D88ABE00269354 /* Info.plist */ = {isa = PBXFileReference; lastKnownFileType = text.plist.xml; path = Info.plist; sourceTree = "<group>"; };
		41D9BCDE21D88ABE00269354 /* main.m */ = {isa = PBXFileReference; lastKnownFileType = sourcecode.c.objc; path = main.m; sourceTree = "<group>"; };
		41D9BCE421D88ABE00269354 /* weiboTests.xctest */ = {isa = PBXFileReference; explicitFileType = wrapper.cfbundle; includeInIndex = 0; path = weiboTests.xctest; sourceTree = BUILT_PRODUCTS_DIR; };
		41D9BCE821D88ABE00269354 /* weiboTests.m */ = {isa = PBXFileReference; lastKnownFileType = sourcecode.c.objc; path = weiboTests.m; sourceTree = "<group>"; };
		41D9BCEA21D88ABE00269354 /* Info.plist */ = {isa = PBXFileReference; lastKnownFileType = text.plist.xml; path = Info.plist; sourceTree = "<group>"; };
		41D9BCEF21D88ABF00269354 /* weiboUITests.xctest */ = {isa = PBXFileReference; explicitFileType = wrapper.cfbundle; includeInIndex = 0; path = weiboUITests.xctest; sourceTree = BUILT_PRODUCTS_DIR; };
		41D9BCF321D88ABF00269354 /* weiboUITests.m */ = {isa = PBXFileReference; lastKnownFileType = sourcecode.c.objc; path = weiboUITests.m; sourceTree = "<group>"; };
		41D9BCF521D88ABF00269354 /* Info.plist */ = {isa = PBXFileReference; lastKnownFileType = text.plist.xml; path = Info.plist; sourceTree = "<group>"; };
		41D9BD0421D8ABC100269354 /* LYTabBarController.h */ = {isa = PBXFileReference; lastKnownFileType = sourcecode.c.h; path = LYTabBarController.h; sourceTree = "<group>"; };
		41D9BD0521D8ABC100269354 /* LYTabBarController.m */ = {isa = PBXFileReference; lastKnownFileType = sourcecode.c.objc; path = LYTabBarController.m; sourceTree = "<group>"; };
		41D9BD2821D8DAD400269354 /* LYTabBar.h */ = {isa = PBXFileReference; lastKnownFileType = sourcecode.c.h; path = LYTabBar.h; sourceTree = "<group>"; };
		41D9BD2921D8DAD400269354 /* LYTabBar.m */ = {isa = PBXFileReference; lastKnownFileType = sourcecode.c.objc; path = LYTabBar.m; sourceTree = "<group>"; };
		41D9BD3021D9DF3600269354 /* LYBadgeView.h */ = {isa = PBXFileReference; lastKnownFileType = sourcecode.c.h; path = LYBadgeView.h; sourceTree = "<group>"; };
		41D9BD3121D9DF3600269354 /* LYBadgeView.m */ = {isa = PBXFileReference; lastKnownFileType = sourcecode.c.objc; path = LYBadgeView.m; sourceTree = "<group>"; };
		41D9BD3321D9E3A200269354 /* LYProfileViewController.h */ = {isa = PBXFileReference; lastKnownFileType = sourcecode.c.h; path = LYProfileViewController.h; sourceTree = "<group>"; };
		41D9BD3421D9E3A200269354 /* LYProfileViewController.m */ = {isa = PBXFileReference; lastKnownFileType = sourcecode.c.objc; path = LYProfileViewController.m; sourceTree = "<group>"; };
		41D9BD3621D9E3C500269354 /* LYMessageViewController.h */ = {isa = PBXFileReference; lastKnownFileType = sourcecode.c.h; path = LYMessageViewController.h; sourceTree = "<group>"; };
		41D9BD3721D9E3C500269354 /* LYMessageViewController.m */ = {isa = PBXFileReference; lastKnownFileType = sourcecode.c.objc; path = LYMessageViewController.m; sourceTree = "<group>"; };
		41D9BD3921D9E3F100269354 /* LYHomeViewController.h */ = {isa = PBXFileReference; lastKnownFileType = sourcecode.c.h; path = LYHomeViewController.h; sourceTree = "<group>"; };
		41D9BD3A21D9E3F100269354 /* LYHomeViewController.m */ = {isa = PBXFileReference; lastKnownFileType = sourcecode.c.objc; path = LYHomeViewController.m; sourceTree = "<group>"; };
		41D9BD3C21D9E40700269354 /* LYDiscoverViewController.h */ = {isa = PBXFileReference; lastKnownFileType = sourcecode.c.h; path = LYDiscoverViewController.h; sourceTree = "<group>"; };
		41D9BD3D21D9E40700269354 /* LYDiscoverViewController.m */ = {isa = PBXFileReference; lastKnownFileType = sourcecode.c.objc; path = LYDiscoverViewController.m; sourceTree = "<group>"; };
		41D9BD3F21D9E56300269354 /* LYTabBarButton.h */ = {isa = PBXFileReference; lastKnownFileType = sourcecode.c.h; path = LYTabBarButton.h; sourceTree = "<group>"; };
		41D9BD4021D9E56300269354 /* LYTabBarButton.m */ = {isa = PBXFileReference; lastKnownFileType = sourcecode.c.objc; path = LYTabBarButton.m; sourceTree = "<group>"; };
/* End PBXFileReference section */

/* Begin PBXFrameworksBuildPhase section */
		41D9BCC921D88ABC00269354 /* Frameworks */ = {
			isa = PBXFrameworksBuildPhase;
			buildActionMask = 2147483647;
			files = (
			);
			runOnlyForDeploymentPostprocessing = 0;
		};
		41D9BCE121D88ABE00269354 /* Frameworks */ = {
			isa = PBXFrameworksBuildPhase;
			buildActionMask = 2147483647;
			files = (
			);
			runOnlyForDeploymentPostprocessing = 0;
		};
		41D9BCEC21D88ABF00269354 /* Frameworks */ = {
			isa = PBXFrameworksBuildPhase;
			buildActionMask = 2147483647;
			files = (
			);
			runOnlyForDeploymentPostprocessing = 0;
		};
/* End PBXFrameworksBuildPhase section */

/* Begin PBXGroup section */
		418625ED2208169800E521DB /* NewFeature */ = {
			isa = PBXGroup;
			children = (
				418625F02208173E00E521DB /* view */,
				418625EF2208173700E521DB /* model */,
				418625EE2208172D00E521DB /* controller */,
			);
			path = NewFeature;
			sourceTree = "<group>";
		};
		418625EE2208172D00E521DB /* controller */ = {
			isa = PBXGroup;
			children = (
				418625F72208199F00E521DB /* LYNewFeatureController.h */,
				418625F82208199F00E521DB /* LYNewFeatureController.m */,
			);
			path = controller;
			sourceTree = "<group>";
		};
		418625EF2208173700E521DB /* model */ = {
			isa = PBXGroup;
			children = (
			);
			path = model;
			sourceTree = "<group>";
		};
		418625F02208173E00E521DB /* view */ = {
			isa = PBXGroup;
			children = (
				418625F42208180F00E521DB /* LYNewFeatureCell.h */,
				418625F52208180F00E521DB /* LYNewFeatureCell.m */,
			);
			path = view;
			sourceTree = "<group>";
		};
		418625FA220BD00400E521DB /* OAuth */ = {
			isa = PBXGroup;
			children = (
				418625FD220BD0AA00E521DB /* view */,
				418625FC220BD0A300E521DB /* model */,
				418625FB220BD09B00E521DB /* controller */,
			);
			path = OAuth;
			sourceTree = "<group>";
		};
		418625FB220BD09B00E521DB /* controller */ = {
			isa = PBXGroup;
			children = (
				418625FE220BD0DA00E521DB /* LYOAuthViewController.h */,
				418625FF220BD0DA00E521DB /* LYOAuthViewController.m */,
			);
			path = controller;
			sourceTree = "<group>";
		};
		418625FC220BD0A300E521DB /* model */ = {
			isa = PBXGroup;
			children = (
				41862628220C0A4100E521DB /* LYAccount.h */,
				41862629220C0A4100E521DB /* LYAccount.m */,
			);
			path = model;
			sourceTree = "<group>";
		};
		418625FD220BD0AA00E521DB /* view */ = {
			isa = PBXGroup;
			children = (
			);
			path = view;
			sourceTree = "<group>";
		};
		41862601220BD12D00E521DB /* Lib */ = {
			isa = PBXGroup;
			children = (
				418626F6220C239700E521DB /* MJRefresh */,
				41862661220C1F8900E521DB /* SDWebImage */,
				41862634220C1BE700E521DB /* MJExtension */,
				4186260B220BD42D00E521DB /* AFNetworking */,
				41862602220BD2EE00E521DB /* MBProgressHUD */,
			);
			path = Lib;
			sourceTree = "<group>";
		};
		41862602220BD2EE00E521DB /* MBProgressHUD */ = {
			isa = PBXGroup;
			children = (
				41862603220BD2EE00E521DB /* MBProgressHUD.m */,
				41862604220BD2EE00E521DB /* MBProgressHUD+MJ.h */,
				41862605220BD2EE00E521DB /* MBProgressHUD.h */,
				41862606220BD2EE00E521DB /* MBProgressHUD+MJ.m */,
				41862607220BD2EE00E521DB /* MBProgressHUD.bundle */,
			);
			path = MBProgressHUD;
			sourceTree = "<group>";
		};
		4186260B220BD42D00E521DB /* AFNetworking */ = {
			isa = PBXGroup;
			children = (
				4186260C220BD42D00E521DB /* AFSecurityPolicy.h */,
				4186260D220BD42D00E521DB /* AFNetworkReachabilityManager.h */,
				4186260E220BD42D00E521DB /* AFHTTPRequestOperation.h */,
				4186260F220BD42D00E521DB /* AFHTTPRequestOperationManager.h */,
				41862610220BD42D00E521DB /* AFURLSessionManager.h */,
				41862611220BD42D00E521DB /* AFURLRequestSerialization.h */,
				41862612220BD42D00E521DB /* AFURLConnectionOperation.h */,
				41862613220BD42D00E521DB /* AFURLResponseSerialization.m */,
				41862614220BD42D00E521DB /* AFHTTPSessionManager.m */,
				41862615220BD42D00E521DB /* AFURLConnectionOperation.m */,
				41862616220BD42D00E521DB /* AFURLResponseSerialization.h */,
				41862617220BD42D00E521DB /* AFURLSessionManager.m */,
				41862618220BD42D00E521DB /* AFHTTPRequestOperationManager.m */,
				41862619220BD42D00E521DB /* AFURLRequestSerialization.m */,
				4186261A220BD42D00E521DB /* AFHTTPRequestOperation.m */,
				4186261B220BD42D00E521DB /* AFNetworking.h */,
				4186261C220BD42D00E521DB /* AFNetworkReachabilityManager.m */,
				4186261D220BD42D00E521DB /* AFSecurityPolicy.m */,
				4186261E220BD42D00E521DB /* AFHTTPSessionManager.h */,
			);
			path = AFNetworking;
			sourceTree = "<group>";
		};
		4186262B220C11DE00E521DB /* Tool */ = {
			isa = PBXGroup;
			children = (
				4186273A220D1AEC00E521DB /* StatusTool */,
				41862736220D146500E521DB /* HttpTool */,
				41862630220C145B00E521DB /* RootVcTool */,
				4186262C220C11EF00E521DB /* AccoutTool */,
			);
			path = Tool;
			sourceTree = "<group>";
		};
		4186262C220C11EF00E521DB /* AccoutTool */ = {
			isa = PBXGroup;
			children = (
				4186274C220D2C1000E521DB /* AccessTokenParam */,
				4186262D220C121700E521DB /* LYAccountTool.h */,
				4186262E220C121700E521DB /* LYAccountTool.m */,
			);
			path = AccoutTool;
			sourceTree = "<group>";
		};
		41862630220C145B00E521DB /* RootVcTool */ = {
			isa = PBXGroup;
			children = (
				41862631220C147B00E521DB /* LYRootVcTool.h */,
				41862632220C147B00E521DB /* LYRootVcTool.m */,
			);
			path = RootVcTool;
			sourceTree = "<group>";
		};
		41862634220C1BE700E521DB /* MJExtension */ = {
			isa = PBXGroup;
			children = (
				41862635220C1BE700E521DB /* MJPropertyKey.h */,
				41862636220C1BE700E521DB /* NSObject+MJClass.h */,
				41862637220C1BE700E521DB /* NSString+MJExtension.h */,
				41862638220C1BE700E521DB /* MJPropertyType.m */,
				41862639220C1BE700E521DB /* NSObject+MJProperty.h */,
				4186263A220C1BE700E521DB /* MJExtensionConst.h */,
				4186263B220C1BE700E521DB /* NSObject+MJKeyValue.m */,
				4186263C220C1BE700E521DB /* MJDictionaryCache.h */,
				4186263D220C1BE700E521DB /* MJProperty.m */,
				4186263E220C1BE700E521DB /* MJFoundation.h */,
				4186263F220C1BE700E521DB /* NSObject+MJCoding.m */,
				41862640220C1BE700E521DB /* MJExtension.h */,
				41862641220C1BE700E521DB /* MJExtensionConst.m */,
				41862642220C1BE700E521DB /* NSObject+MJProperty.m */,
				41862643220C1BE700E521DB /* MJPropertyType.h */,
				41862644220C1BE700E521DB /* NSObject+MJClass.m */,
				41862645220C1BE700E521DB /* NSString+MJExtension.m */,
				41862646220C1BE700E521DB /* MJPropertyKey.m */,
				41862647220C1BE700E521DB /* MJProperty.h */,
				41862648220C1BE700E521DB /* MJDictionaryCache.m */,
				41862649220C1BE700E521DB /* NSObject+MJKeyValue.h */,
				4186264A220C1BE700E521DB /* NSObject+MJCoding.h */,
				4186264B220C1BE700E521DB /* MJFoundation.m */,
			);
			path = MJExtension;
			sourceTree = "<group>";
		};
		41862657220C1C7200E521DB /* model */ = {
			isa = PBXGroup;
			children = (
				41862659220C1C9600E521DB /* LYPhoto.h */,
				4186265A220C1C9600E521DB /* LYPhoto.m */,
				4186265D220C1C9600E521DB /* LYStatus.h */,
				4186265B220C1C9600E521DB /* LYStatus.m */,
				41862658220C1C9600E521DB /* LYUser.h */,
				4186265C220C1C9600E521DB /* LYUser.m */,
			);
			path = model;
			sourceTree = "<group>";
		};
		41862661220C1F8900E521DB /* SDWebImage */ = {
			isa = PBXGroup;
			children = (
				41862662220C1F8900E521DB /* UIImage+WebP.m */,
				41862663220C1F8900E521DB /* MKAnnotationView+WebCache.m */,
				41862664220C1F8900E521DB /* UIImageView+WebCache.h */,
				41862665220C1F8900E521DB /* NSData+ImageContentType.h */,
				41862666220C1F8900E521DB /* SDWebImageManager.m */,
				41862667220C1F8900E521DB /* SDWebImageDecoder.m */,
				41862668220C1F8900E521DB /* SDWebImageDownloaderOperation.h */,
				41862669220C1F8900E521DB /* UIImageView+HighlightedWebCache.m */,
				4186266A220C1F8900E521DB /* SDImageCache.h */,
				4186266B220C1F8900E521DB /* SDWebImageDownloader.m */,
				4186266C220C1F8900E521DB /* UIImage+GIF.m */,
				4186266D220C1F8900E521DB /* UIButton+WebCache.h */,
				4186266E220C1F8900E521DB /* UIImage+MultiFormat.m */,
				4186266F220C1F8900E521DB /* SDWebImageCompat.m */,
				41862670220C1F8900E521DB /* SDWebImagePrefetcher.m */,
				41862671220C1F8900E521DB /* UIView+WebCacheOperation.h */,
				41862672220C1F8900E521DB /* MKAnnotationView+WebCache.h */,
				41862673220C1F8900E521DB /* UIImage+WebP.h */,
				41862674220C1F8900E521DB /* SDImageCache.m */,
				41862675220C1F8900E521DB /* UIImageView+HighlightedWebCache.h */,
				41862676220C1F8900E521DB /* SDWebImageDownloaderOperation.m */,
				41862677220C1F8900E521DB /* SDWebImageDecoder.h */,
				41862678220C1F8900E521DB /* SDWebImageManager.h */,
				41862679220C1F8900E521DB /* NSData+ImageContentType.m */,
				4186267A220C1F8900E521DB /* UIImageView+WebCache.m */,
				4186267B220C1F8900E521DB /* SDWebImageOperation.h */,
				4186267C220C1F8900E521DB /* SDWebImageDownloader.h */,
				4186267D220C1F8900E521DB /* UIView+WebCacheOperation.m */,
				4186267E220C1F8900E521DB /* SDWebImagePrefetcher.h */,
				4186267F220C1F8900E521DB /* SDWebImageCompat.h */,
				41862680220C1F8900E521DB /* UIImage+MultiFormat.h */,
				41862681220C1F8900E521DB /* UIButton+WebCache.m */,
				41862682220C1F8900E521DB /* UIImage+GIF.h */,
			);
			path = SDWebImage;
			sourceTree = "<group>";
		};
		418626F6220C239700E521DB /* MJRefresh */ = {
			isa = PBXGroup;
			children = (
				418626F7220C239700E521DB /* UIScrollView+MJRefresh.m */,
				418626F8220C239700E521DB /* MJRefreshConst.m */,
				418626F9220C239700E521DB /* UIScrollView+MJExtension.h */,
				418626FA220C239700E521DB /* MJRefresh.h */,
				418626FB220C239700E521DB /* MJRefresh.bundle */,
				418626FC220C239700E521DB /* UIView+MJExtension.h */,
				418626FD220C239700E521DB /* UIScrollView+MJExtension.m */,
				418626FE220C239700E521DB /* MJRefreshConst.h */,
				418626FF220C239700E521DB /* UIScrollView+MJRefresh.h */,
				41862700220C239700E521DB /* UIView+MJExtension.m */,
				41862701220C239700E521DB /* Custom */,
				41862718220C239700E521DB /* Base */,
			);
			name = MJRefresh;
			path = "../../../../../../../../../Downloads/微博模拟7/微博模拟7.3/微博模拟/classes/Other/Lib/MJRefresh";
			sourceTree = "<group>";
		};
		41862701220C239700E521DB /* Custom */ = {
			isa = PBXGroup;
			children = (
				41862702220C239700E521DB /* Footer */,
				41862711220C239700E521DB /* Header */,
			);
			path = Custom;
			sourceTree = "<group>";
		};
		41862702220C239700E521DB /* Footer */ = {
			isa = PBXGroup;
			children = (
				41862703220C239700E521DB /* Back */,
				4186270A220C239700E521DB /* Auto */,
			);
			path = Footer;
			sourceTree = "<group>";
		};
		41862703220C239700E521DB /* Back */ = {
			isa = PBXGroup;
			children = (
				41862704220C239700E521DB /* MJRefreshBackGifFooter.h */,
				41862705220C239700E521DB /* MJRefreshBackStateFooter.h */,
				41862706220C239700E521DB /* MJRefreshBackNormalFooter.h */,
				41862707220C239700E521DB /* MJRefreshBackGifFooter.m */,
				41862708220C239700E521DB /* MJRefreshBackStateFooter.m */,
				41862709220C239700E521DB /* MJRefreshBackNormalFooter.m */,
			);
			path = Back;
			sourceTree = "<group>";
		};
		4186270A220C239700E521DB /* Auto */ = {
			isa = PBXGroup;
			children = (
				4186270B220C239700E521DB /* MJRefreshAutoStateFooter.h */,
				4186270C220C239700E521DB /* MJRefreshAutoNormalFooter.h */,
				4186270D220C239700E521DB /* MJRefreshAutoGifFooter.h */,
				4186270E220C239700E521DB /* MJRefreshAutoStateFooter.m */,
				4186270F220C239700E521DB /* MJRefreshAutoGifFooter.m */,
				41862710220C239700E521DB /* MJRefreshAutoNormalFooter.m */,
			);
			path = Auto;
			sourceTree = "<group>";
		};
		41862711220C239700E521DB /* Header */ = {
			isa = PBXGroup;
			children = (
				41862712220C239700E521DB /* MJRefreshNormalHeader.m */,
				41862713220C239700E521DB /* MJRefreshStateHeader.h */,
				41862714220C239700E521DB /* MJRefreshGifHeader.h */,
				41862715220C239700E521DB /* MJRefreshNormalHeader.h */,
				41862716220C239700E521DB /* MJRefreshStateHeader.m */,
				41862717220C239700E521DB /* MJRefreshGifHeader.m */,
			);
			path = Header;
			sourceTree = "<group>";
		};
		41862718220C239700E521DB /* Base */ = {
			isa = PBXGroup;
			children = (
				41862719220C239700E521DB /* MJRefreshFooter.m */,
				4186271A220C239700E521DB /* MJRefreshComponent.h */,
				4186271B220C239700E521DB /* MJRefreshHeader.m */,
				4186271C220C239700E521DB /* MJRefreshAutoFooter.h */,
				4186271D220C239700E521DB /* MJRefreshBackFooter.m */,
				4186271E220C239700E521DB /* MJRefreshAutoFooter.m */,
				4186271F220C239700E521DB /* MJRefreshHeader.h */,
				41862720220C239700E521DB /* MJRefreshComponent.m */,
				41862721220C239700E521DB /* MJRefreshFooter.h */,
				41862722220C239700E521DB /* MJRefreshBackFooter.h */,
			);
			path = Base;
			sourceTree = "<group>";
		};
		41862736220D146500E521DB /* HttpTool */ = {
			isa = PBXGroup;
			children = (
				41862737220D148B00E521DB /* LYHttpTool.h */,
				41862738220D148B00E521DB /* LYHttpTool.m */,
			);
			path = HttpTool;
			sourceTree = "<group>";
		};
		4186273A220D1AEC00E521DB /* StatusTool */ = {
			isa = PBXGroup;
			children = (
				41862748220D1E6E00E521DB /* StatusTool */,
				41862744220D1DB300E521DB /* StatusResult */,
				41862740220D1D2500E521DB /* StatusParam */,
			);
			path = StatusTool;
			sourceTree = "<group>";
		};
		41862740220D1D2500E521DB /* StatusParam */ = {
			isa = PBXGroup;
			children = (
				41862741220D1D3C00E521DB /* LYStatusParam.h */,
				41862742220D1D3C00E521DB /* LYStatusParam.m */,
			);
			name = StatusParam;
			path = "New Group";
			sourceTree = "<group>";
		};
		41862744220D1DB300E521DB /* StatusResult */ = {
			isa = PBXGroup;
			children = (
				41862745220D1DC400E521DB /* LYStatusResult.h */,
				41862746220D1DC400E521DB /* LYStatusResult.m */,
			);
			path = StatusResult;
			sourceTree = "<group>";
		};
		41862748220D1E6E00E521DB /* StatusTool */ = {
			isa = PBXGroup;
			children = (
				41862749220D1E8100E521DB /* LYStatusTool.h */,
				4186274A220D1E8100E521DB /* LYStatusTool.m */,
			);
			path = StatusTool;
			sourceTree = "<group>";
		};
		4186274C220D2C1000E521DB /* AccessTokenParam */ = {
			isa = PBXGroup;
			children = (
				4186274E220D2C8A00E521DB /* LYAccountParam.h */,
				4186274F220D2C8A00E521DB /* LYAccountParam.m */,
			);
			path = AccessTokenParam;
			sourceTree = "<group>";
		};
		41D9BCC321D88ABC00269354 = {
			isa = PBXGroup;
			children = (
				41D9BCCE21D88ABC00269354 /* weibo */,
				41D9BCE721D88ABE00269354 /* weiboTests */,
				41D9BCF221D88ABF00269354 /* weiboUITests */,
				41D9BCCD21D88ABC00269354 /* Products */,
			);
			sourceTree = "<group>";
		};
		41D9BCCD21D88ABC00269354 /* Products */ = {
			isa = PBXGroup;
			children = (
				41D9BCCC21D88ABC00269354 /* weibo.app */,
				41D9BCE421D88ABE00269354 /* weiboTests.xctest */,
				41D9BCEF21D88ABF00269354 /* weiboUITests.xctest */,
			);
			name = Products;
			sourceTree = "<group>";
		};
		41D9BCCE21D88ABC00269354 /* weibo */ = {
			isa = PBXGroup;
			children = (
				41D9BD0C21D8CEEE00269354 /* classes */,
				41D9BCD821D88ABE00269354 /* Assets.xcassets */,
				41D9BCDA21D88ABE00269354 /* LaunchScreen.storyboard */,
				41D9BCDD21D88ABE00269354 /* Info.plist */,
			);
			path = weibo;
			sourceTree = "<group>";
		};
		41D9BCE721D88ABE00269354 /* weiboTests */ = {
			isa = PBXGroup;
			children = (
				41D9BCE821D88ABE00269354 /* weiboTests.m */,
				41D9BCEA21D88ABE00269354 /* Info.plist */,
			);
			path = weiboTests;
			sourceTree = "<group>";
		};
		41D9BCF221D88ABF00269354 /* weiboUITests */ = {
			isa = PBXGroup;
			children = (
				41D9BCF321D88ABF00269354 /* weiboUITests.m */,
				41D9BCF521D88ABF00269354 /* Info.plist */,
			);
			path = weiboUITests;
			sourceTree = "<group>";
		};
		41D9BD0C21D8CEEE00269354 /* classes */ = {
			isa = PBXGroup;
			children = (
				4186262B220C11DE00E521DB /* Tool */,
				418625FA220BD00400E521DB /* OAuth */,
				418625ED2208169800E521DB /* NewFeature */,
				41D9BD2121D8D27500269354 /* other */,
				41D9BD1D21D8D1E800269354 /* profile */,
				41D9BD1921D8D1CF00269354 /* message */,
				41D9BD1521D8D15700269354 /* main */,
				41D9BD1121D8D13600269354 /* home */,
				41D9BD0D21D8D02400269354 /* discover */,
			);
			path = classes;
			sourceTree = "<group>";
		};
		41D9BD0D21D8D02400269354 /* discover */ = {
			isa = PBXGroup;
			children = (
				41D9BD1021D8D05800269354 /* view */,
				41D9BD0F21D8D04F00269354 /* model */,
				41D9BD0E21D8D04600269354 /* controller */,
			);
			path = discover;
			sourceTree = "<group>";
		};
		41D9BD0E21D8D04600269354 /* controller */ = {
			isa = PBXGroup;
			children = (
				41D9BD3C21D9E40700269354 /* LYDiscoverViewController.h */,
				41D9BD3D21D9E40700269354 /* LYDiscoverViewController.m */,
			);
			path = controller;
			sourceTree = "<group>";
		};
		41D9BD0F21D8D04F00269354 /* model */ = {
			isa = PBXGroup;
			children = (
			);
			path = model;
			sourceTree = "<group>";
		};
		41D9BD1021D8D05800269354 /* view */ = {
			isa = PBXGroup;
			children = (
				41A8A8122202E11A004966D4 /* LYSearchBar.h */,
				41A8A8132202E11A004966D4 /* LYSearchBar.m */,
			);
			path = view;
			sourceTree = "<group>";
		};
		41D9BD1121D8D13600269354 /* home */ = {
			isa = PBXGroup;
			children = (
				41862657220C1C7200E521DB /* model */,
				41D9BD1421D8D14B00269354 /* view */,
				41D9BD1221D8D13E00269354 /* controller */,
			);
			path = home;
			sourceTree = "<group>";
		};
		41D9BD1221D8D13E00269354 /* controller */ = {
			isa = PBXGroup;
			children = (
				41A8A80E2202A81A004966D4 /* LYMenuViewController.h */,
				41A8A80F2202A81A004966D4 /* LYMenuViewController.m */,
				41D9BD3921D9E3F100269354 /* LYHomeViewController.h */,
				41D9BD3A21D9E3F100269354 /* LYHomeViewController.m */,
				418625DF2206DD9A00E521DB /* LYOneViewController.h */,
				418625E02206DD9A00E521DB /* LYOneViewController.m */,
				418625E12206DD9A00E521DB /* LYOneViewController.xib */,
				418625E42206E53500E521DB /* LYTwoViewController.h */,
				418625E52206E53500E521DB /* LYTwoViewController.m */,
				418625E62206E53500E521DB /* LYTwoViewController.xib */,
			);
			path = controller;
			sourceTree = "<group>";
		};
		41D9BD1421D8D14B00269354 /* view */ = {
			isa = PBXGroup;
			children = (
				41A8A8082202A0F7004966D4 /* LYCover.h */,
				41A8A8052202A0F7004966D4 /* LYCover.m */,
				41A8A8092202A0F7004966D4 /* LYHomeTitle.h */,
				41A8A80A2202A0F7004966D4 /* LYHomeTitle.m */,
				41A8A8062202A0F7004966D4 /* LYPopMenu.h */,
				41A8A8072202A0F7004966D4 /* LYPopMenu.m */,
			);
			path = view;
			sourceTree = "<group>";
		};
		41D9BD1521D8D15700269354 /* main */ = {
			isa = PBXGroup;
			children = (
				41D9BD1821D8D16B00269354 /* controller */,
				41D9BD1721D8D16600269354 /* model */,
				41D9BD1621D8D16000269354 /* view */,
			);
			path = main;
			sourceTree = "<group>";
		};
		41D9BD1621D8D16000269354 /* view */ = {
			isa = PBXGroup;
			children = (
				41D9BD2821D8DAD400269354 /* LYTabBar.h */,
				41D9BD2921D8DAD400269354 /* LYTabBar.m */,
				41D9BD3021D9DF3600269354 /* LYBadgeView.h */,
				41D9BD3121D9DF3600269354 /* LYBadgeView.m */,
				41D9BD3F21D9E56300269354 /* LYTabBarButton.h */,
				41D9BD4021D9E56300269354 /* LYTabBarButton.m */,
			);
			path = view;
			sourceTree = "<group>";
		};
		41D9BD1721D8D16600269354 /* model */ = {
			isa = PBXGroup;
			children = (
			);
			path = model;
			sourceTree = "<group>";
		};
		41D9BD1821D8D16B00269354 /* controller */ = {
			isa = PBXGroup;
			children = (
				41D9BD0421D8ABC100269354 /* LYTabBarController.h */,
				41D9BD0521D8ABC100269354 /* LYTabBarController.m */,
				41A8A7F522014BFA004966D4 /* LYNavigationController.h */,
				41A8A7F622014BFA004966D4 /* LYNavigationController.m */,
			);
			path = controller;
			sourceTree = "<group>";
		};
		41D9BD1921D8D1CF00269354 /* message */ = {
			isa = PBXGroup;
			children = (
				41D9BD1C21D8D1E000269354 /* controller */,
				41D9BD1B21D8D1DA00269354 /* view */,
				41D9BD1A21D8D1D400269354 /* model */,
			);
			path = message;
			sourceTree = "<group>";
		};
		41D9BD1A21D8D1D400269354 /* model */ = {
			isa = PBXGroup;
			children = (
			);
			path = model;
			sourceTree = "<group>";
		};
		41D9BD1B21D8D1DA00269354 /* view */ = {
			isa = PBXGroup;
			children = (
			);
			path = view;
			sourceTree = "<group>";
		};
		41D9BD1C21D8D1E000269354 /* controller */ = {
			isa = PBXGroup;
			children = (
				41D9BD3621D9E3C500269354 /* LYMessageViewController.h */,
				41D9BD3721D9E3C500269354 /* LYMessageViewController.m */,
			);
			path = controller;
			sourceTree = "<group>";
		};
		41D9BD1D21D8D1E800269354 /* profile */ = {
			isa = PBXGroup;
			children = (
				41D9BD2021D8D23A00269354 /* controller */,
				41D9BD1F21D8D23400269354 /* model */,
				41D9BD1E21D8D23000269354 /* view */,
			);
			path = profile;
			sourceTree = "<group>";
		};
		41D9BD1E21D8D23000269354 /* view */ = {
			isa = PBXGroup;
			children = (
			);
			path = view;
			sourceTree = "<group>";
		};
		41D9BD1F21D8D23400269354 /* model */ = {
			isa = PBXGroup;
			children = (
			);
			path = model;
			sourceTree = "<group>";
		};
		41D9BD2021D8D23A00269354 /* controller */ = {
			isa = PBXGroup;
			children = (
				41D9BD3321D9E3A200269354 /* LYProfileViewController.h */,
				41D9BD3421D9E3A200269354 /* LYProfileViewController.m */,
			);
			path = controller;
			sourceTree = "<group>";
		};
		41D9BD2121D8D27500269354 /* other */ = {
			isa = PBXGroup;
			children = (
				41862601220BD12D00E521DB /* Lib */,
				41A8A8112202D6D2004966D4 /* weibo.pch */,
				41D9BCDE21D88ABE00269354 /* main.m */,
				41D9BCCF21D88ABC00269354 /* AppDelegate.h */,
				41D9BCD021D88ABC00269354 /* AppDelegate.m */,
				41D9BD2221D8D29300269354 /* category */,
			);
			path = other;
			sourceTree = "<group>";
		};
		41D9BD2221D8D29300269354 /* category */ = {
			isa = PBXGroup;
			children = (
				41A8A80222029B8D004966D4 /* UIBarButtonItem+Item.h */,
				41A8A80322029B8D004966D4 /* UIBarButtonItem+Item.m */,
				41A8A7F222014836004966D4 /* UIImage+image.h */,
				41A8A7F122014836004966D4 /* UIImage+image.m */,
				41A8A7F022014836004966D4 /* UIView+Frame.h */,
				41A8A7EF22014836004966D4 /* UIView+Frame.m */,
			);
			path = category;
			sourceTree = "<group>";
		};
/* End PBXGroup section */

/* Begin PBXNativeTarget section */
		41D9BCCB21D88ABC00269354 /* weibo */ = {
			isa = PBXNativeTarget;
			buildConfigurationList = 41D9BCF821D88ABF00269354 /* Build configuration list for PBXNativeTarget "weibo" */;
			buildPhases = (
				41D9BCC821D88ABC00269354 /* Sources */,
				41D9BCC921D88ABC00269354 /* Frameworks */,
				41D9BCCA21D88ABC00269354 /* Resources */,
			);
			buildRules = (
			);
			dependencies = (
			);
			name = weibo;
			productName = weibo;
			productReference = 41D9BCCC21D88ABC00269354 /* weibo.app */;
			productType = "com.apple.product-type.application";
		};
		41D9BCE321D88ABE00269354 /* weiboTests */ = {
			isa = PBXNativeTarget;
			buildConfigurationList = 41D9BCFB21D88ABF00269354 /* Build configuration list for PBXNativeTarget "weiboTests" */;
			buildPhases = (
				41D9BCE021D88ABE00269354 /* Sources */,
				41D9BCE121D88ABE00269354 /* Frameworks */,
				41D9BCE221D88ABE00269354 /* Resources */,
			);
			buildRules = (
			);
			dependencies = (
				41D9BCE621D88ABE00269354 /* PBXTargetDependency */,
			);
			name = weiboTests;
			productName = weiboTests;
			productReference = 41D9BCE421D88ABE00269354 /* weiboTests.xctest */;
			productType = "com.apple.product-type.bundle.unit-test";
		};
		41D9BCEE21D88ABF00269354 /* weiboUITests */ = {
			isa = PBXNativeTarget;
			buildConfigurationList = 41D9BCFE21D88ABF00269354 /* Build configuration list for PBXNativeTarget "weiboUITests" */;
			buildPhases = (
				41D9BCEB21D88ABF00269354 /* Sources */,
				41D9BCEC21D88ABF00269354 /* Frameworks */,
				41D9BCED21D88ABF00269354 /* Resources */,
			);
			buildRules = (
			);
			dependencies = (
				41D9BCF121D88ABF00269354 /* PBXTargetDependency */,
			);
			name = weiboUITests;
			productName = weiboUITests;
			productReference = 41D9BCEF21D88ABF00269354 /* weiboUITests.xctest */;
			productType = "com.apple.product-type.bundle.ui-testing";
		};
/* End PBXNativeTarget section */

/* Begin PBXProject section */
		41D9BCC421D88ABC00269354 /* Project object */ = {
			isa = PBXProject;
			attributes = {
				CLASSPREFIX = LY;
				LastUpgradeCheck = 1000;
				ORGANIZATIONNAME = sirius.com;
				TargetAttributes = {
					41D9BCCB21D88ABC00269354 = {
						CreatedOnToolsVersion = 10.0;
					};
					41D9BCE321D88ABE00269354 = {
						CreatedOnToolsVersion = 10.0;
						TestTargetID = 41D9BCCB21D88ABC00269354;
					};
					41D9BCEE21D88ABF00269354 = {
						CreatedOnToolsVersion = 10.0;
						TestTargetID = 41D9BCCB21D88ABC00269354;
					};
				};
			};
			buildConfigurationList = 41D9BCC721D88ABC00269354 /* Build configuration list for PBXProject "weibo" */;
			compatibilityVersion = "Xcode 9.3";
			developmentRegion = en;
			hasScannedForEncodings = 0;
			knownRegions = (
				en,
				Base,
			);
			mainGroup = 41D9BCC321D88ABC00269354;
			productRefGroup = 41D9BCCD21D88ABC00269354 /* Products */;
			projectDirPath = "";
			projectRoot = "";
			targets = (
				41D9BCCB21D88ABC00269354 /* weibo */,
				41D9BCE321D88ABE00269354 /* weiboTests */,
				41D9BCEE21D88ABF00269354 /* weiboUITests */,
			);
		};
/* End PBXProject section */

/* Begin PBXResourcesBuildPhase section */
		41D9BCCA21D88ABC00269354 /* Resources */ = {
			isa = PBXResourcesBuildPhase;
			buildActionMask = 2147483647;
			files = (
				418625E32206DD9B00E521DB /* LYOneViewController.xib in Resources */,
				41D9BCDC21D88ABE00269354 /* LaunchScreen.storyboard in Resources */,
				41862725220C239800E521DB /* MJRefresh.bundle in Resources */,
				4186260A220BD2EE00E521DB /* MBProgressHUD.bundle in Resources */,
				418625E82206E53500E521DB /* LYTwoViewController.xib in Resources */,
				41D9BCD921D88ABE00269354 /* Assets.xcassets in Resources */,
			);
			runOnlyForDeploymentPostprocessing = 0;
		};
		41D9BCE221D88ABE00269354 /* Resources */ = {
			isa = PBXResourcesBuildPhase;
			buildActionMask = 2147483647;
			files = (
			);
			runOnlyForDeploymentPostprocessing = 0;
		};
		41D9BCED21D88ABF00269354 /* Resources */ = {
			isa = PBXResourcesBuildPhase;
			buildActionMask = 2147483647;
			files = (
			);
			runOnlyForDeploymentPostprocessing = 0;
		};
/* End PBXResourcesBuildPhase section */

/* Begin PBXSourcesBuildPhase section */
		41D9BCC821D88ABC00269354 /* Sources */ = {
			isa = PBXSourcesBuildPhase;
			buildActionMask = 2147483647;
			files = (
				4186264C220C1BE700E521DB /* MJPropertyType.m in Sources */,
				4186272C220C239800E521DB /* MJRefreshAutoGifFooter.m in Sources */,
				41862750220D2C8A00E521DB /* LYAccountParam.m in Sources */,
				41862692220C1F8A00E521DB /* UIButton+WebCache.m in Sources */,
				41A8A80D2202A0F8004966D4 /* LYHomeTitle.m in Sources */,
				41862683220C1F8A00E521DB /* UIImage+WebP.m in Sources */,
				41A8A7F722014BFA004966D4 /* LYNavigationController.m in Sources */,
				418625E22206DD9B00E521DB /* LYOneViewController.m in Sources */,
				41862633220C147B00E521DB /* LYRootVcTool.m in Sources */,
				41D9BD3B21D9E3F100269354 /* LYHomeViewController.m in Sources */,
				4186262F220C121700E521DB /* LYAccountTool.m in Sources */,
				41862654220C1BE700E521DB /* MJPropertyKey.m in Sources */,
				4186268B220C1F8A00E521DB /* SDWebImageCompat.m in Sources */,
				4186274B220D1E8100E521DB /* LYStatusTool.m in Sources */,
				418625F62208180F00E521DB /* LYNewFeatureCell.m in Sources */,
				4186264D220C1BE700E521DB /* NSObject+MJKeyValue.m in Sources */,
				41862621220BD42D00E521DB /* AFURLConnectionOperation.m in Sources */,
				41862685220C1F8A00E521DB /* SDWebImageManager.m in Sources */,
				41D9BCDF21D88ABE00269354 /* main.m in Sources */,
				41862689220C1F8A00E521DB /* UIImage+GIF.m in Sources */,
				41D9BD3221D9DF3600269354 /* LYBadgeView.m in Sources */,
				41D9BD0621D8ABC100269354 /* LYTabBarController.m in Sources */,
				4186268E220C1F8A00E521DB /* SDWebImageDownloaderOperation.m in Sources */,
				41A8A8142202E11A004966D4 /* LYSearchBar.m in Sources */,
				4186264F220C1BE700E521DB /* NSObject+MJCoding.m in Sources */,
				41862684220C1F8A00E521DB /* MKAnnotationView+WebCache.m in Sources */,
				4186265F220C1C9600E521DB /* LYStatus.m in Sources */,
				41862724220C239800E521DB /* MJRefreshConst.m in Sources */,
				41862735220C239800E521DB /* MJRefreshComponent.m in Sources */,
				41A8A80B2202A0F8004966D4 /* LYCover.m in Sources */,
				41862743220D1D3C00E521DB /* LYStatusParam.m in Sources */,
				41A8A80422029B8D004966D4 /* UIBarButtonItem+Item.m in Sources */,
				41D9BD2A21D8DAD400269354 /* LYTabBar.m in Sources */,
				41862652220C1BE700E521DB /* NSObject+MJClass.m in Sources */,
				41862747220D1DC400E521DB /* LYStatusResult.m in Sources */,
				41A8A7F422014836004966D4 /* UIImage+image.m in Sources */,
				418625F92208199F00E521DB /* LYNewFeatureController.m in Sources */,
				41862727220C239800E521DB /* UIView+MJExtension.m in Sources */,
				41862622220BD42D00E521DB /* AFURLSessionManager.m in Sources */,
				418625E72206E53500E521DB /* LYTwoViewController.m in Sources */,
				41862686220C1F8A00E521DB /* SDWebImageDecoder.m in Sources */,
				41D9BD3E21D9E40700269354 /* LYDiscoverViewController.m in Sources */,
				41A8A80C2202A0F8004966D4 /* LYPopMenu.m in Sources */,
				41862608220BD2EE00E521DB /* MBProgressHUD.m in Sources */,
				41862623220BD42D00E521DB /* AFHTTPRequestOperationManager.m in Sources */,
				41862627220BD42D00E521DB /* AFSecurityPolicy.m in Sources */,
				41862729220C239800E521DB /* MJRefreshBackStateFooter.m in Sources */,
				41862733220C239800E521DB /* MJRefreshBackFooter.m in Sources */,
				4186264E220C1BE700E521DB /* MJProperty.m in Sources */,
				41862625220BD42D00E521DB /* AFHTTPRequestOperation.m in Sources */,
				41862609220BD2EE00E521DB /* MBProgressHUD+MJ.m in Sources */,
				41862723220C239700E521DB /* UIScrollView+MJRefresh.m in Sources */,
				4186272A220C239800E521DB /* MJRefreshBackNormalFooter.m in Sources */,
				4186262A220C0A4100E521DB /* LYAccount.m in Sources */,
				41862620220BD42D00E521DB /* AFHTTPSessionManager.m in Sources */,
				41862734220C239800E521DB /* MJRefreshAutoFooter.m in Sources */,
				41862691220C1F8A00E521DB /* UIView+WebCacheOperation.m in Sources */,
				41862687220C1F8A00E521DB /* UIImageView+HighlightedWebCache.m in Sources */,
				41862730220C239800E521DB /* MJRefreshGifHeader.m in Sources */,
				41862650220C1BE700E521DB /* MJExtensionConst.m in Sources */,
				41862690220C1F8A00E521DB /* UIImageView+WebCache.m in Sources */,
				41862624220BD42D00E521DB /* AFURLRequestSerialization.m in Sources */,
				4186261F220BD42D00E521DB /* AFURLResponseSerialization.m in Sources */,
				41862651220C1BE700E521DB /* NSObject+MJProperty.m in Sources */,
				41862739220D148B00E521DB /* LYHttpTool.m in Sources */,
				41862732220C239800E521DB /* MJRefreshHeader.m in Sources */,
				4186265E220C1C9600E521DB /* LYPhoto.m in Sources */,
				41D9BD3821D9E3C500269354 /* LYMessageViewController.m in Sources */,
				41A8A8102202A81A004966D4 /* LYMenuViewController.m in Sources */,
				41862660220C1C9600E521DB /* LYUser.m in Sources */,
				41862731220C239800E521DB /* MJRefreshFooter.m in Sources */,
				41862626220BD42D00E521DB /* AFNetworkReachabilityManager.m in Sources */,
				41D9BD3521D9E3A200269354 /* LYProfileViewController.m in Sources */,
				41862728220C239800E521DB /* MJRefreshBackGifFooter.m in Sources */,
				41862688220C1F8A00E521DB /* SDWebImageDownloader.m in Sources */,
				4186268A220C1F8A00E521DB /* UIImage+MultiFormat.m in Sources */,
				4186272F220C239800E521DB /* MJRefreshStateHeader.m in Sources */,
				4186268F220C1F8A00E521DB /* NSData+ImageContentType.m in Sources */,
				41D9BD4121D9E56300269354 /* LYTabBarButton.m in Sources */,
				4186272E220C239800E521DB /* MJRefreshNormalHeader.m in Sources */,
				4186268D220C1F8A00E521DB /* SDImageCache.m in Sources */,
				4186268C220C1F8A00E521DB /* SDWebImagePrefetcher.m in Sources */,
				41862656220C1BE700E521DB /* MJFoundation.m in Sources */,
				41862653220C1BE700E521DB /* NSString+MJExtension.m in Sources */,
				4186272D220C239800E521DB /* MJRefreshAutoNormalFooter.m in Sources */,
				41D9BCD121D88ABC00269354 /* AppDelegate.m in Sources */,
				41862726220C239800E521DB /* UIScrollView+MJExtension.m in Sources */,
				4186272B220C239800E521DB /* MJRefreshAutoStateFooter.m in Sources */,
				41A8A7F322014836004966D4 /* UIView+Frame.m in Sources */,
				41862600220BD0DA00E521DB /* LYOAuthViewController.m in Sources */,
				41862655220C1BE700E521DB /* MJDictionaryCache.m in Sources */,
			);
			runOnlyForDeploymentPostprocessing = 0;
		};
		41D9BCE021D88ABE00269354 /* Sources */ = {
			isa = PBXSourcesBuildPhase;
			buildActionMask = 2147483647;
			files = (
				41D9BCE921D88ABE00269354 /* weiboTests.m in Sources */,
			);
			runOnlyForDeploymentPostprocessing = 0;
		};
		41D9BCEB21D88ABF00269354 /* Sources */ = {
			isa = PBXSourcesBuildPhase;
			buildActionMask = 2147483647;
			files = (
				41D9BCF421D88ABF00269354 /* weiboUITests.m in Sources */,
			);
			runOnlyForDeploymentPostprocessing = 0;
		};
/* End PBXSourcesBuildPhase section */

/* Begin PBXTargetDependency section */
		41D9BCE621D88ABE00269354 /* PBXTargetDependency */ = {
			isa = PBXTargetDependency;
			target = 41D9BCCB21D88ABC00269354 /* weibo */;
			targetProxy = 41D9BCE521D88ABE00269354 /* PBXContainerItemProxy */;
		};
		41D9BCF121D88ABF00269354 /* PBXTargetDependency */ = {
			isa = PBXTargetDependency;
			target = 41D9BCCB21D88ABC00269354 /* weibo */;
			targetProxy = 41D9BCF021D88ABF00269354 /* PBXContainerItemProxy */;
		};
/* End PBXTargetDependency section */

/* Begin PBXVariantGroup section */
		41D9BCDA21D88ABE00269354 /* LaunchScreen.storyboard */ = {
			isa = PBXVariantGroup;
			children = (
				41D9BCDB21D88ABE00269354 /* Base */,
			);
			name = LaunchScreen.storyboard;
			sourceTree = "<group>";
		};
/* End PBXVariantGroup section */

/* Begin XCBuildConfiguration section */
		41D9BCF621D88ABF00269354 /* Debug */ = {
			isa = XCBuildConfiguration;
			buildSettings = {
				ALWAYS_SEARCH_USER_PATHS = NO;
				CLANG_ANALYZER_NONNULL = YES;
				CLANG_ANALYZER_NUMBER_OBJECT_CONVERSION = YES_AGGRESSIVE;
				CLANG_CXX_LANGUAGE_STANDARD = "gnu++14";
				CLANG_CXX_LIBRARY = "libc++";
				CLANG_ENABLE_MODULES = YES;
				CLANG_ENABLE_OBJC_ARC = YES;
				CLANG_ENABLE_OBJC_WEAK = YES;
				CLANG_WARN_BLOCK_CAPTURE_AUTORELEASING = YES;
				CLANG_WARN_BOOL_CONVERSION = YES;
				CLANG_WARN_COMMA = YES;
				CLANG_WARN_CONSTANT_CONVERSION = YES;
				CLANG_WARN_DEPRECATED_OBJC_IMPLEMENTATIONS = YES;
				CLANG_WARN_DIRECT_OBJC_ISA_USAGE = YES_ERROR;
				CLANG_WARN_DOCUMENTATION_COMMENTS = YES;
				CLANG_WARN_EMPTY_BODY = YES;
				CLANG_WARN_ENUM_CONVERSION = YES;
				CLANG_WARN_INFINITE_RECURSION = YES;
				CLANG_WARN_INT_CONVERSION = YES;
				CLANG_WARN_NON_LITERAL_NULL_CONVERSION = YES;
				CLANG_WARN_OBJC_IMPLICIT_RETAIN_SELF = YES;
				CLANG_WARN_OBJC_LITERAL_CONVERSION = YES;
				CLANG_WARN_OBJC_ROOT_CLASS = YES_ERROR;
				CLANG_WARN_RANGE_LOOP_ANALYSIS = YES;
				CLANG_WARN_STRICT_PROTOTYPES = YES;
				CLANG_WARN_SUSPICIOUS_MOVE = YES;
				CLANG_WARN_UNGUARDED_AVAILABILITY = YES_AGGRESSIVE;
				CLANG_WARN_UNREACHABLE_CODE = YES;
				CLANG_WARN__DUPLICATE_METHOD_MATCH = YES;
				CODE_SIGN_IDENTITY = "iPhone Developer";
				COPY_PHASE_STRIP = NO;
				DEBUG_INFORMATION_FORMAT = dwarf;
				ENABLE_STRICT_OBJC_MSGSEND = YES;
				ENABLE_TESTABILITY = YES;
				GCC_C_LANGUAGE_STANDARD = gnu11;
				GCC_DYNAMIC_NO_PIC = NO;
				GCC_NO_COMMON_BLOCKS = YES;
				GCC_OPTIMIZATION_LEVEL = 0;
				GCC_PREPROCESSOR_DEFINITIONS = (
					"DEBUG=1",
					"$(inherited)",
				);
				GCC_WARN_64_TO_32_BIT_CONVERSION = YES;
				GCC_WARN_ABOUT_RETURN_TYPE = YES_ERROR;
				GCC_WARN_UNDECLARED_SELECTOR = YES;
				GCC_WARN_UNINITIALIZED_AUTOS = YES_AGGRESSIVE;
				GCC_WARN_UNUSED_FUNCTION = YES;
				GCC_WARN_UNUSED_VARIABLE = YES;
				IPHONEOS_DEPLOYMENT_TARGET = 12.0;
				MTL_ENABLE_DEBUG_INFO = INCLUDE_SOURCE;
				MTL_FAST_MATH = YES;
				ONLY_ACTIVE_ARCH = YES;
				SDKROOT = iphoneos;
			};
			name = Debug;
		};
		41D9BCF721D88ABF00269354 /* Release */ = {
			isa = XCBuildConfiguration;
			buildSettings = {
				ALWAYS_SEARCH_USER_PATHS = NO;
				CLANG_ANALYZER_NONNULL = YES;
				CLANG_ANALYZER_NUMBER_OBJECT_CONVERSION = YES_AGGRESSIVE;
				CLANG_CXX_LANGUAGE_STANDARD = "gnu++14";
				CLANG_CXX_LIBRARY = "libc++";
				CLANG_ENABLE_MODULES = YES;
				CLANG_ENABLE_OBJC_ARC = YES;
				CLANG_ENABLE_OBJC_WEAK = YES;
				CLANG_WARN_BLOCK_CAPTURE_AUTORELEASING = YES;
				CLANG_WARN_BOOL_CONVERSION = YES;
				CLANG_WARN_COMMA = YES;
				CLANG_WARN_CONSTANT_CONVERSION = YES;
				CLANG_WARN_DEPRECATED_OBJC_IMPLEMENTATIONS = YES;
				CLANG_WARN_DIRECT_OBJC_ISA_USAGE = YES_ERROR;
				CLANG_WARN_DOCUMENTATION_COMMENTS = YES;
				CLANG_WARN_EMPTY_BODY = YES;
				CLANG_WARN_ENUM_CONVERSION = YES;
				CLANG_WARN_INFINITE_RECURSION = YES;
				CLANG_WARN_INT_CONVERSION = YES;
				CLANG_WARN_NON_LITERAL_NULL_CONVERSION = YES;
				CLANG_WARN_OBJC_IMPLICIT_RETAIN_SELF = YES;
				CLANG_WARN_OBJC_LITERAL_CONVERSION = YES;
				CLANG_WARN_OBJC_ROOT_CLASS = YES_ERROR;
				CLANG_WARN_RANGE_LOOP_ANALYSIS = YES;
				CLANG_WARN_STRICT_PROTOTYPES = YES;
				CLANG_WARN_SUSPICIOUS_MOVE = YES;
				CLANG_WARN_UNGUARDED_AVAILABILITY = YES_AGGRESSIVE;
				CLANG_WARN_UNREACHABLE_CODE = YES;
				CLANG_WARN__DUPLICATE_METHOD_MATCH = YES;
				CODE_SIGN_IDENTITY = "iPhone Developer";
				COPY_PHASE_STRIP = NO;
				DEBUG_INFORMATION_FORMAT = "dwarf-with-dsym";
				ENABLE_NS_ASSERTIONS = NO;
				ENABLE_STRICT_OBJC_MSGSEND = YES;
				GCC_C_LANGUAGE_STANDARD = gnu11;
				GCC_NO_COMMON_BLOCKS = YES;
				GCC_WARN_64_TO_32_BIT_CONVERSION = YES;
				GCC_WARN_ABOUT_RETURN_TYPE = YES_ERROR;
				GCC_WARN_UNDECLARED_SELECTOR = YES;
				GCC_WARN_UNINITIALIZED_AUTOS = YES_AGGRESSIVE;
				GCC_WARN_UNUSED_FUNCTION = YES;
				GCC_WARN_UNUSED_VARIABLE = YES;
				IPHONEOS_DEPLOYMENT_TARGET = 12.0;
				MTL_ENABLE_DEBUG_INFO = NO;
				MTL_FAST_MATH = YES;
				SDKROOT = iphoneos;
				VALIDATE_PRODUCT = YES;
			};
			name = Release;
		};
		41D9BCF921D88ABF00269354 /* Debug */ = {
			isa = XCBuildConfiguration;
			buildSettings = {
				ASSETCATALOG_COMPILER_APPICON_NAME = AppIcon;
				ASSETCATALOG_COMPILER_LAUNCHIMAGE_NAME = LaunchImage;
				CODE_SIGN_STYLE = Automatic;
				DEVELOPMENT_TEAM = 5SKG75CM69;
				GCC_PREFIX_HEADER = /Users/gengqifu/dev/git/external/weibo/weibo/weibo/classes/other/weibo.pch;
				INFOPLIST_FILE = weibo/Info.plist;
				IPHONEOS_DEPLOYMENT_TARGET = 9.1;
				LD_RUNPATH_SEARCH_PATHS = (
					"$(inherited)",
					"@executable_path/Frameworks",
				);
				PRODUCT_BUNDLE_IDENTIFIER = com.sirius.weibo;
				PRODUCT_NAME = "$(TARGET_NAME)";
				TARGETED_DEVICE_FAMILY = "1,2";
			};
			name = Debug;
		};
		41D9BCFA21D88ABF00269354 /* Release */ = {
			isa = XCBuildConfiguration;
			buildSettings = {
				ASSETCATALOG_COMPILER_APPICON_NAME = AppIcon;
				ASSETCATALOG_COMPILER_LAUNCHIMAGE_NAME = LaunchImage;
				CODE_SIGN_STYLE = Automatic;
				DEVELOPMENT_TEAM = 5SKG75CM69;
				GCC_PREFIX_HEADER = /Users/gengqifu/dev/git/external/weibo/weibo/weibo/classes/other/weibo.pch;
				INFOPLIST_FILE = weibo/Info.plist;
				IPHONEOS_DEPLOYMENT_TARGET = 9.1;
				LD_RUNPATH_SEARCH_PATHS = (
					"$(inherited)",
					"@executable_path/Frameworks",
				);
				PRODUCT_BUNDLE_IDENTIFIER = com.sirius.weibo;
				PRODUCT_NAME = "$(TARGET_NAME)";
				TARGETED_DEVICE_FAMILY = "1,2";
			};
			name = Release;
		};
		41D9BCFC21D88ABF00269354 /* Debug */ = {
			isa = XCBuildConfiguration;
			buildSettings = {
				BUNDLE_LOADER = "$(TEST_HOST)";
				CODE_SIGN_STYLE = Automatic;
				DEVELOPMENT_TEAM = 5SKG75CM69;
				INFOPLIST_FILE = weiboTests/Info.plist;
				LD_RUNPATH_SEARCH_PATHS = (
					"$(inherited)",
					"@executable_path/Frameworks",
					"@loader_path/Frameworks",
				);
				PRODUCT_BUNDLE_IDENTIFIER = com.sirius.weiboTests;
				PRODUCT_NAME = "$(TARGET_NAME)";
				TARGETED_DEVICE_FAMILY = "1,2";
				TEST_HOST = "$(BUILT_PRODUCTS_DIR)/weibo.app/weibo";
			};
			name = Debug;
		};
		41D9BCFD21D88ABF00269354 /* Release */ = {
			isa = XCBuildConfiguration;
			buildSettings = {
				BUNDLE_LOADER = "$(TEST_HOST)";
				CODE_SIGN_STYLE = Automatic;
				DEVELOPMENT_TEAM = 5SKG75CM69;
				INFOPLIST_FILE = weiboTests/Info.plist;
				LD_RUNPATH_SEARCH_PATHS = (
					"$(inherited)",
					"@executable_path/Frameworks",
					"@loader_path/Frameworks",
				);
				PRODUCT_BUNDLE_IDENTIFIER = com.sirius.weiboTests;
				PRODUCT_NAME = "$(TARGET_NAME)";
				TARGETED_DEVICE_FAMILY = "1,2";
				TEST_HOST = "$(BUILT_PRODUCTS_DIR)/weibo.app/weibo";
			};
			name = Release;
		};
		41D9BCFF21D88ABF00269354 /* Debug */ = {
			isa = XCBuildConfiguration;
			buildSettings = {
				CODE_SIGN_STYLE = Automatic;
				DEVELOPMENT_TEAM = 5SKG75CM69;
				INFOPLIST_FILE = weiboUITests/Info.plist;
				LD_RUNPATH_SEARCH_PATHS = (
					"$(inherited)",
					"@executable_path/Frameworks",
					"@loader_path/Frameworks",
				);
				PRODUCT_BUNDLE_IDENTIFIER = com.sirius.weiboUITests;
				PRODUCT_NAME = "$(TARGET_NAME)";
				TARGETED_DEVICE_FAMILY = "1,2";
				TEST_TARGET_NAME = weibo;
			};
			name = Debug;
		};
		41D9BD0021D88ABF00269354 /* Release */ = {
			isa = XCBuildConfiguration;
			buildSettings = {
				CODE_SIGN_STYLE = Automatic;
				DEVELOPMENT_TEAM = 5SKG75CM69;
				INFOPLIST_FILE = weiboUITests/Info.plist;
				LD_RUNPATH_SEARCH_PATHS = (
					"$(inherited)",
					"@executable_path/Frameworks",
					"@loader_path/Frameworks",
				);
				PRODUCT_BUNDLE_IDENTIFIER = com.sirius.weiboUITests;
				PRODUCT_NAME = "$(TARGET_NAME)";
				TARGETED_DEVICE_FAMILY = "1,2";
				TEST_TARGET_NAME = weibo;
			};
			name = Release;
		};
/* End XCBuildConfiguration section */

/* Begin XCConfigurationList section */
		41D9BCC721D88ABC00269354 /* Build configuration list for PBXProject "weibo" */ = {
			isa = XCConfigurationList;
			buildConfigurations = (
				41D9BCF621D88ABF00269354 /* Debug */,
				41D9BCF721D88ABF00269354 /* Release */,
			);
			defaultConfigurationIsVisible = 0;
			defaultConfigurationName = Release;
		};
		41D9BCF821D88ABF00269354 /* Build configuration list for PBXNativeTarget "weibo" */ = {
			isa = XCConfigurationList;
			buildConfigurations = (
				41D9BCF921D88ABF00269354 /* Debug */,
				41D9BCFA21D88ABF00269354 /* Release */,
			);
			defaultConfigurationIsVisible = 0;
			defaultConfigurationName = Release;
		};
		41D9BCFB21D88ABF00269354 /* Build configuration list for PBXNativeTarget "weiboTests" */ = {
			isa = XCConfigurationList;
			buildConfigurations = (
				41D9BCFC21D88ABF00269354 /* Debug */,
				41D9BCFD21D88ABF00269354 /* Release */,
			);
			defaultConfigurationIsVisible = 0;
			defaultConfigurationName = Release;
		};
		41D9BCFE21D88ABF00269354 /* Build configuration list for PBXNativeTarget "weiboUITests" */ = {
			isa = XCConfigurationList;
			buildConfigurations = (
				41D9BCFF21D88ABF00269354 /* Debug */,
				41D9BD0021D88ABF00269354 /* Release */,
			);
			defaultConfigurationIsVisible = 0;
			defaultConfigurationName = Release;
		};
/* End XCConfigurationList section */
	};
	rootObject = 41D9BCC421D88ABC00269354 /* Project object */;
}
