// !$*UTF8*$!
{
	archiveVersion = 1;
	classes = {
	};
	objectVersion = 50;
	objects = {

/* Begin PBXBuildFile section */
		418625E22206DD9B00E521DB /* LYOneViewController.m in Sources */ = {isa = PBXBuildFile; fileRef = 418625E02206DD9A00E521DB /* LYOneViewController.m */; };
		418625E32206DD9B00E521DB /* LYOneViewController.xib in Resources */ = {isa = PBXBuildFile; fileRef = 418625E12206DD9A00E521DB /* LYOneViewController.xib */; };
		418625E72206E53500E521DB /* LYTwoViewController.m in Sources */ = {isa = PBXBuildFile; fileRef = 418625E52206E53500E521DB /* LYTwoViewController.m */; };
		418625E82206E53500E521DB /* LYTwoViewController.xib in Resources */ = {isa = PBXBuildFile; fileRef = 418625E62206E53500E521DB /* LYTwoViewController.xib */; };
		418625F62208180F00E521DB /* LYNewFeatureCell.m in Sources */ = {isa = PBXBuildFile; fileRef = 418625F52208180F00E521DB /* LYNewFeatureCell.m */; };
		418625F92208199F00E521DB /* LYNewFeatureController.m in Sources */ = {isa = PBXBuildFile; fileRef = 418625F82208199F00E521DB /* LYNewFeatureController.m */; };
		41862600220BD0DA00E521DB /* LYOAuthViewController.m in Sources */ = {isa = PBXBuildFile; fileRef = 418625FF220BD0DA00E521DB /* LYOAuthViewController.m */; };
		41862608220BD2EE00E521DB /* MBProgressHUD.m in Sources */ = {isa = PBXBuildFile; fileRef = 41862603220BD2EE00E521DB /* MBProgressHUD.m */; };
		41862609220BD2EE00E521DB /* MBProgressHUD+MJ.m in Sources */ = {isa = PBXBuildFile; fileRef = 41862606220BD2EE00E521DB /* MBProgressHUD+MJ.m */; };
		4186260A220BD2EE00E521DB /* MBProgressHUD.bundle in Resources */ = {isa = PBXBuildFile; fileRef = 41862607220BD2EE00E521DB /* MBProgressHUD.bundle */; };
		4186261F220BD42D00E521DB /* AFURLResponseSerialization.m in Sources */ = {isa = PBXBuildFile; fileRef = 41862613220BD42D00E521DB /* AFURLResponseSerialization.m */; };
		41862620220BD42D00E521DB /* AFHTTPSessionManager.m in Sources */ = {isa = PBXBuildFile; fileRef = 41862614220BD42D00E521DB /* AFHTTPSessionManager.m */; };
		41862621220BD42D00E521DB /* AFURLConnectionOperation.m in Sources */ = {isa = PBXBuildFile; fileRef = 41862615220BD42D00E521DB /* AFURLConnectionOperation.m */; };
		41862622220BD42D00E521DB /* AFURLSessionManager.m in Sources */ = {isa = PBXBuildFile; fileRef = 41862617220BD42D00E521DB /* AFURLSessionManager.m */; };
		41862623220BD42D00E521DB /* AFHTTPRequestOperationManager.m in Sources */ = {isa = PBXBuildFile; fileRef = 41862618220BD42D00E521DB /* AFHTTPRequestOperationManager.m */; };
		41862624220BD42D00E521DB /* AFURLRequestSerialization.m in Sources */ = {isa = PBXBuildFile; fileRef = 41862619220BD42D00E521DB /* AFURLRequestSerialization.m */; };
		41862625220BD42D00E521DB /* AFHTTPRequestOperation.m in Sources */ = {isa = PBXBuildFile; fileRef = 4186261A220BD42D00E521DB /* AFHTTPRequestOperation.m */; };
		41862626220BD42D00E521DB /* AFNetworkReachabilityManager.m in Sources */ = {isa = PBXBuildFile; fileRef = 4186261C220BD42D00E521DB /* AFNetworkReachabilityManager.m */; };
		41862627220BD42D00E521DB /* AFSecurityPolicy.m in Sources */ = {isa = PBXBuildFile; fileRef = 4186261D220BD42D00E521DB /* AFSecurityPolicy.m */; };
		41A8A7F322014836004966D4 /* UIView+Frame.m in Sources */ = {isa = PBXBuildFile; fileRef = 41A8A7EF22014836004966D4 /* UIView+Frame.m */; };
		41A8A7F422014836004966D4 /* UIImage+image.m in Sources */ = {isa = PBXBuildFile; fileRef = 41A8A7F122014836004966D4 /* UIImage+image.m */; };
		41A8A7F722014BFA004966D4 /* LYNavigationController.m in Sources */ = {isa = PBXBuildFile; fileRef = 41A8A7F622014BFA004966D4 /* LYNavigationController.m */; };
		41A8A80422029B8D004966D4 /* UIBarButtonItem+Item.m in Sources */ = {isa = PBXBuildFile; fileRef = 41A8A80322029B8D004966D4 /* UIBarButtonItem+Item.m */; };
		41A8A80B2202A0F8004966D4 /* LYCover.m in Sources */ = {isa = PBXBuildFile; fileRef = 41A8A8052202A0F7004966D4 /* LYCover.m */; };
		41A8A80C2202A0F8004966D4 /* LYPopMenu.m in Sources */ = {isa = PBXBuildFile; fileRef = 41A8A8072202A0F7004966D4 /* LYPopMenu.m */; };
		41A8A80D2202A0F8004966D4 /* LYHomeTitle.m in Sources */ = {isa = PBXBuildFile; fileRef = 41A8A80A2202A0F7004966D4 /* LYHomeTitle.m */; };
		41A8A8102202A81A004966D4 /* LYMenuViewController.m in Sources */ = {isa = PBXBuildFile; fileRef = 41A8A80F2202A81A004966D4 /* LYMenuViewController.m */; };
		41A8A8142202E11A004966D4 /* LYSearchBar.m in Sources */ = {isa = PBXBuildFile; fileRef = 41A8A8132202E11A004966D4 /* LYSearchBar.m */; };
		41D9BCD121D88ABC00269354 /* AppDelegate.m in Sources */ = {isa = PBXBuildFile; fileRef = 41D9BCD021D88ABC00269354 /* AppDelegate.m */; };
		41D9BCD921D88ABE00269354 /* Assets.xcassets in Resources */ = {isa = PBXBuildFile; fileRef = 41D9BCD821D88ABE00269354 /* Assets.xcassets */; };
		41D9BCDC21D88ABE00269354 /* LaunchScreen.storyboard in Resources */ = {isa = PBXBuildFile; fileRef = 41D9BCDA21D88ABE00269354 /* LaunchScreen.storyboard */; };
		41D9BCDF21D88ABE00269354 /* main.m in Sources */ = {isa = PBXBuildFile; fileRef = 41D9BCDE21D88ABE00269354 /* main.m */; };
		41D9BCE921D88ABE00269354 /* weiboTests.m in Sources */ = {isa = PBXBuildFile; fileRef = 41D9BCE821D88ABE00269354 /* weiboTests.m */; };
		41D9BCF421D88ABF00269354 /* weiboUITests.m in Sources */ = {isa = PBXBuildFile; fileRef = 41D9BCF321D88ABF00269354 /* weiboUITests.m */; };
		41D9BD0621D8ABC100269354 /* LYTabBarController.m in Sources */ = {isa = PBXBuildFile; fileRef = 41D9BD0521D8ABC100269354 /* LYTabBarController.m */; };
		41D9BD2A21D8DAD400269354 /* LYTabBar.m in Sources */ = {isa = PBXBuildFile; fileRef = 41D9BD2921D8DAD400269354 /* LYTabBar.m */; };
		41D9BD3221D9DF3600269354 /* LYBadgeView.m in Sources */ = {isa = PBXBuildFile; fileRef = 41D9BD3121D9DF3600269354 /* LYBadgeView.m */; };
		41D9BD3521D9E3A200269354 /* LYProfileViewController.m in Sources */ = {isa = PBXBuildFile; fileRef = 41D9BD3421D9E3A200269354 /* LYProfileViewController.m */; };
		41D9BD3821D9E3C500269354 /* LYMessageViewController.m in Sources */ = {isa = PBXBuildFile; fileRef = 41D9BD3721D9E3C500269354 /* LYMessageViewController.m */; };
		41D9BD3B21D9E3F100269354 /* LYHomeViewController.m in Sources */ = {isa = PBXBuildFile; fileRef = 41D9BD3A21D9E3F100269354 /* LYHomeViewController.m */; };
		41D9BD3E21D9E40700269354 /* LYDiscoverViewController.m in Sources */ = {isa = PBXBuildFile; fileRef = 41D9BD3D21D9E40700269354 /* LYDiscoverViewController.m */; };
		41D9BD4121D9E56300269354 /* LYTabBarButton.m in Sources */ = {isa = PBXBuildFile; fileRef = 41D9BD4021D9E56300269354 /* LYTabBarButton.m */; };
/* End PBXBuildFile section */

/* Begin PBXContainerItemProxy section */
		41D9BCE521D88ABE00269354 /* PBXContainerItemProxy */ = {
			isa = PBXContainerItemProxy;
			containerPortal = 41D9BCC421D88ABC00269354 /* Project object */;
			proxyType = 1;
			remoteGlobalIDString = 41D9BCCB21D88ABC00269354;
			remoteInfo = weibo;
		};
		41D9BCF021D88ABF00269354 /* PBXContainerItemProxy */ = {
			isa = PBXContainerItemProxy;
			containerPortal = 41D9BCC421D88ABC00269354 /* Project object */;
			proxyType = 1;
			remoteGlobalIDString = 41D9BCCB21D88ABC00269354;
			remoteInfo = weibo;
		};
/* End PBXContainerItemProxy section */

/* Begin PBXFileReference section */
		418625DF2206DD9A00E521DB /* LYOneViewController.h */ = {isa = PBXFileReference; lastKnownFileType = sourcecode.c.h; path = LYOneViewController.h; sourceTree = "<group>"; };
		418625E02206DD9A00E521DB /* LYOneViewController.m */ = {isa = PBXFileReference; lastKnownFileType = sourcecode.c.objc; path = LYOneViewController.m; sourceTree = "<group>"; };
		418625E12206DD9A00E521DB /* LYOneViewController.xib */ = {isa = PBXFileReference; lastKnownFileType = file.xib; path = LYOneViewController.xib; sourceTree = "<group>"; };
		418625E42206E53500E521DB /* LYTwoViewController.h */ = {isa = PBXFileReference; lastKnownFileType = sourcecode.c.h; path = LYTwoViewController.h; sourceTree = "<group>"; };
		418625E52206E53500E521DB /* LYTwoViewController.m */ = {isa = PBXFileReference; lastKnownFileType = sourcecode.c.objc; path = LYTwoViewController.m; sourceTree = "<group>"; };
		418625E62206E53500E521DB /* LYTwoViewController.xib */ = {isa = PBXFileReference; lastKnownFileType = file.xib; path = LYTwoViewController.xib; sourceTree = "<group>"; };
		418625F42208180F00E521DB /* LYNewFeatureCell.h */ = {isa = PBXFileReference; lastKnownFileType = sourcecode.c.h; path = LYNewFeatureCell.h; sourceTree = "<group>"; };
		418625F52208180F00E521DB /* LYNewFeatureCell.m */ = {isa = PBXFileReference; lastKnownFileType = sourcecode.c.objc; path = LYNewFeatureCell.m; sourceTree = "<group>"; };
		418625F72208199F00E521DB /* LYNewFeatureController.h */ = {isa = PBXFileReference; lastKnownFileType = sourcecode.c.h; path = LYNewFeatureController.h; sourceTree = "<group>"; };
		418625F82208199F00E521DB /* LYNewFeatureController.m */ = {isa = PBXFileReference; lastKnownFileType = sourcecode.c.objc; path = LYNewFeatureController.m; sourceTree = "<group>"; };
		418625FE220BD0DA00E521DB /* LYOAuthViewController.h */ = {isa = PBXFileReference; lastKnownFileType = sourcecode.c.h; path = LYOAuthViewController.h; sourceTree = "<group>"; };
		418625FF220BD0DA00E521DB /* LYOAuthViewController.m */ = {isa = PBXFileReference; lastKnownFileType = sourcecode.c.objc; path = LYOAuthViewController.m; sourceTree = "<group>"; };
		41862603220BD2EE00E521DB /* MBProgressHUD.m */ = {isa = PBXFileReference; fileEncoding = 4; lastKnownFileType = sourcecode.c.objc; path = MBProgressHUD.m; sourceTree = "<group>"; };
		41862604220BD2EE00E521DB /* MBProgressHUD+MJ.h */ = {isa = PBXFileReference; fileEncoding = 4; lastKnownFileType = sourcecode.c.h; path = "MBProgressHUD+MJ.h"; sourceTree = "<group>"; };
		41862605220BD2EE00E521DB /* MBProgressHUD.h */ = {isa = PBXFileReference; fileEncoding = 4; lastKnownFileType = sourcecode.c.h; path = MBProgressHUD.h; sourceTree = "<group>"; };
		41862606220BD2EE00E521DB /* MBProgressHUD+MJ.m */ = {isa = PBXFileReference; fileEncoding = 4; lastKnownFileType = sourcecode.c.objc; path = "MBProgressHUD+MJ.m"; sourceTree = "<group>"; };
		41862607220BD2EE00E521DB /* MBProgressHUD.bundle */ = {isa = PBXFileReference; lastKnownFileType = "wrapper.plug-in"; path = MBProgressHUD.bundle; sourceTree = "<group>"; };
		4186260C220BD42D00E521DB /* AFSecurityPolicy.h */ = {isa = PBXFileReference; fileEncoding = 4; lastKnownFileType = sourcecode.c.h; path = AFSecurityPolicy.h; sourceTree = "<group>"; };
		4186260D220BD42D00E521DB /* AFNetworkReachabilityManager.h */ = {isa = PBXFileReference; fileEncoding = 4; lastKnownFileType = sourcecode.c.h; path = AFNetworkReachabilityManager.h; sourceTree = "<group>"; };
		4186260E220BD42D00E521DB /* AFHTTPRequestOperation.h */ = {isa = PBXFileReference; fileEncoding = 4; lastKnownFileType = sourcecode.c.h; path = AFHTTPRequestOperation.h; sourceTree = "<group>"; };
		4186260F220BD42D00E521DB /* AFHTTPRequestOperationManager.h */ = {isa = PBXFileReference; fileEncoding = 4; lastKnownFileType = sourcecode.c.h; path = AFHTTPRequestOperationManager.h; sourceTree = "<group>"; };
		41862610220BD42D00E521DB /* AFURLSessionManager.h */ = {isa = PBXFileReference; fileEncoding = 4; lastKnownFileType = sourcecode.c.h; path = AFURLSessionManager.h; sourceTree = "<group>"; };
		41862611220BD42D00E521DB /* AFURLRequestSerialization.h */ = {isa = PBXFileReference; fileEncoding = 4; lastKnownFileType = sourcecode.c.h; path = AFURLRequestSerialization.h; sourceTree = "<group>"; };
		41862612220BD42D00E521DB /* AFURLConnectionOperation.h */ = {isa = PBXFileReference; fileEncoding = 4; lastKnownFileType = sourcecode.c.h; path = AFURLConnectionOperation.h; sourceTree = "<group>"; };
		41862613220BD42D00E521DB /* AFURLResponseSerialization.m */ = {isa = PBXFileReference; fileEncoding = 4; lastKnownFileType = sourcecode.c.objc; path = AFURLResponseSerialization.m; sourceTree = "<group>"; };
		41862614220BD42D00E521DB /* AFHTTPSessionManager.m */ = {isa = PBXFileReference; fileEncoding = 4; lastKnownFileType = sourcecode.c.objc; path = AFHTTPSessionManager.m; sourceTree = "<group>"; };
		41862615220BD42D00E521DB /* AFURLConnectionOperation.m */ = {isa = PBXFileReference; fileEncoding = 4; lastKnownFileType = sourcecode.c.objc; path = AFURLConnectionOperation.m; sourceTree = "<group>"; };
		41862616220BD42D00E521DB /* AFURLResponseSerialization.h */ = {isa = PBXFileReference; fileEncoding = 4; lastKnownFileType = sourcecode.c.h; path = AFURLResponseSerialization.h; sourceTree = "<group>"; };
		41862617220BD42D00E521DB /* AFURLSessionManager.m */ = {isa = PBXFileReference; fileEncoding = 4; lastKnownFileType = sourcecode.c.objc; path = AFURLSessionManager.m; sourceTree = "<group>"; };
		41862618220BD42D00E521DB /* AFHTTPRequestOperationManager.m */ = {isa = PBXFileReference; fileEncoding = 4; lastKnownFileType = sourcecode.c.objc; path = AFHTTPRequestOperationManager.m; sourceTree = "<group>"; };
		41862619220BD42D00E521DB /* AFURLRequestSerialization.m */ = {isa = PBXFileReference; fileEncoding = 4; lastKnownFileType = sourcecode.c.objc; path = AFURLRequestSerialization.m; sourceTree = "<group>"; };
		4186261A220BD42D00E521DB /* AFHTTPRequestOperation.m */ = {isa = PBXFileReference; fileEncoding = 4; lastKnownFileType = sourcecode.c.objc; path = AFHTTPRequestOperation.m; sourceTree = "<group>"; };
		4186261B220BD42D00E521DB /* AFNetworking.h */ = {isa = PBXFileReference; fileEncoding = 4; lastKnownFileType = sourcecode.c.h; path = AFNetworking.h; sourceTree = "<group>"; };
		4186261C220BD42D00E521DB /* AFNetworkReachabilityManager.m */ = {isa = PBXFileReference; fileEncoding = 4; lastKnownFileType = sourcecode.c.objc; path = AFNetworkReachabilityManager.m; sourceTree = "<group>"; };
		4186261D220BD42D00E521DB /* AFSecurityPolicy.m */ = {isa = PBXFileReference; fileEncoding = 4; lastKnownFileType = sourcecode.c.objc; path = AFSecurityPolicy.m; sourceTree = "<group>"; };
		4186261E220BD42D00E521DB /* AFHTTPSessionManager.h */ = {isa = PBXFileReference; fileEncoding = 4; lastKnownFileType = sourcecode.c.h; path = AFHTTPSessionManager.h; sourceTree = "<group>"; };
		41A8A7EF22014836004966D4 /* UIView+Frame.m */ = {isa = PBXFileReference; fileEncoding = 4; lastKnownFileType = sourcecode.c.objc; path = "UIView+Frame.m"; sourceTree = "<group>"; };
		41A8A7F022014836004966D4 /* UIView+Frame.h */ = {isa = PBXFileReference; fileEncoding = 4; lastKnownFileType = sourcecode.c.h; path = "UIView+Frame.h"; sourceTree = "<group>"; };
		41A8A7F122014836004966D4 /* UIImage+image.m */ = {isa = PBXFileReference; fileEncoding = 4; lastKnownFileType = sourcecode.c.objc; path = "UIImage+image.m"; sourceTree = "<group>"; };
		41A8A7F222014836004966D4 /* UIImage+image.h */ = {isa = PBXFileReference; fileEncoding = 4; lastKnownFileType = sourcecode.c.h; path = "UIImage+image.h"; sourceTree = "<group>"; };
		41A8A7F522014BFA004966D4 /* LYNavigationController.h */ = {isa = PBXFileReference; lastKnownFileType = sourcecode.c.h; path = LYNavigationController.h; sourceTree = "<group>"; };
		41A8A7F622014BFA004966D4 /* LYNavigationController.m */ = {isa = PBXFileReference; lastKnownFileType = sourcecode.c.objc; path = LYNavigationController.m; sourceTree = "<group>"; };
		41A8A80222029B8D004966D4 /* UIBarButtonItem+Item.h */ = {isa = PBXFileReference; fileEncoding = 4; lastKnownFileType = sourcecode.c.h; path = "UIBarButtonItem+Item.h"; sourceTree = "<group>"; };
		41A8A80322029B8D004966D4 /* UIBarButtonItem+Item.m */ = {isa = PBXFileReference; fileEncoding = 4; lastKnownFileType = sourcecode.c.objc; path = "UIBarButtonItem+Item.m"; sourceTree = "<group>"; };
		41A8A8052202A0F7004966D4 /* LYCover.m */ = {isa = PBXFileReference; fileEncoding = 4; lastKnownFileType = sourcecode.c.objc; path = LYCover.m; sourceTree = "<group>"; };
		41A8A8062202A0F7004966D4 /* LYPopMenu.h */ = {isa = PBXFileReference; fileEncoding = 4; lastKnownFileType = sourcecode.c.h; path = LYPopMenu.h; sourceTree = "<group>"; };
		41A8A8072202A0F7004966D4 /* LYPopMenu.m */ = {isa = PBXFileReference; fileEncoding = 4; lastKnownFileType = sourcecode.c.objc; path = LYPopMenu.m; sourceTree = "<group>"; };
		41A8A8082202A0F7004966D4 /* LYCover.h */ = {isa = PBXFileReference; fileEncoding = 4; lastKnownFileType = sourcecode.c.h; path = LYCover.h; sourceTree = "<group>"; };
		41A8A8092202A0F7004966D4 /* LYHomeTitle.h */ = {isa = PBXFileReference; fileEncoding = 4; lastKnownFileType = sourcecode.c.h; path = LYHomeTitle.h; sourceTree = "<group>"; };
		41A8A80A2202A0F7004966D4 /* LYHomeTitle.m */ = {isa = PBXFileReference; fileEncoding = 4; lastKnownFileType = sourcecode.c.objc; path = LYHomeTitle.m; sourceTree = "<group>"; };
		41A8A80E2202A81A004966D4 /* LYMenuViewController.h */ = {isa = PBXFileReference; fileEncoding = 4; lastKnownFileType = sourcecode.c.h; path = LYMenuViewController.h; sourceTree = "<group>"; };
		41A8A80F2202A81A004966D4 /* LYMenuViewController.m */ = {isa = PBXFileReference; fileEncoding = 4; lastKnownFileType = sourcecode.c.objc; path = LYMenuViewController.m; sourceTree = "<group>"; };
		41A8A8112202D6D2004966D4 /* weibo.pch */ = {isa = PBXFileReference; fileEncoding = 4; lastKnownFileType = sourcecode.c.h; path = weibo.pch; sourceTree = "<group>"; };
		41A8A8122202E11A004966D4 /* LYSearchBar.h */ = {isa = PBXFileReference; fileEncoding = 4; lastKnownFileType = sourcecode.c.h; path = LYSearchBar.h; sourceTree = "<group>"; };
		41A8A8132202E11A004966D4 /* LYSearchBar.m */ = {isa = PBXFileReference; fileEncoding = 4; lastKnownFileType = sourcecode.c.objc; path = LYSearchBar.m; sourceTree = "<group>"; };
		41D9BCCC21D88ABC00269354 /* weibo.app */ = {isa = PBXFileReference; explicitFileType = wrapper.application; includeInIndex = 0; path = weibo.app; sourceTree = BUILT_PRODUCTS_DIR; };
		41D9BCCF21D88ABC00269354 /* AppDelegate.h */ = {isa = PBXFileReference; lastKnownFileType = sourcecode.c.h; path = AppDelegate.h; sourceTree = "<group>"; };
		41D9BCD021D88ABC00269354 /* AppDelegate.m */ = {isa = PBXFileReference; lastKnownFileType = sourcecode.c.objc; path = AppDelegate.m; sourceTree = "<group>"; };
		41D9BCD821D88ABE00269354 /* Assets.xcassets */ = {isa = PBXFileReference; lastKnownFileType = folder.assetcatalog; path = Assets.xcassets; sourceTree = "<group>"; };
		41D9BCDB21D88ABE00269354 /* Base */ = {isa = PBXFileReference; lastKnownFileType = file.storyboard; name = Base; path = Base.lproj/LaunchScreen.storyboard; sourceTree = "<group>"; };
		41D9BCDD21D88ABE00269354 /* Info.plist */ = {isa = PBXFileReference; lastKnownFileType = text.plist.xml; path = Info.plist; sourceTree = "<group>"; };
		41D9BCDE21D88ABE00269354 /* main.m */ = {isa = PBXFileReference; lastKnownFileType = sourcecode.c.objc; path = main.m; sourceTree = "<group>"; };
		41D9BCE421D88ABE00269354 /* weiboTests.xctest */ = {isa = PBXFileReference; explicitFileType = wrapper.cfbundle; includeInIndex = 0; path = weiboTests.xctest; sourceTree = BUILT_PRODUCTS_DIR; };
		41D9BCE821D88ABE00269354 /* weiboTests.m */ = {isa = PBXFileReference; lastKnownFileType = sourcecode.c.objc; path = weiboTests.m; sourceTree = "<group>"; };
		41D9BCEA21D88ABE00269354 /* Info.plist */ = {isa = PBXFileReference; lastKnownFileType = text.plist.xml; path = Info.plist; sourceTree = "<group>"; };
		41D9BCEF21D88ABF00269354 /* weiboUITests.xctest */ = {isa = PBXFileReference; explicitFileType = wrapper.cfbundle; includeInIndex = 0; path = weiboUITests.xctest; sourceTree = BUILT_PRODUCTS_DIR; };
		41D9BCF321D88ABF00269354 /* weiboUITests.m */ = {isa = PBXFileReference; lastKnownFileType = sourcecode.c.objc; path = weiboUITests.m; sourceTree = "<group>"; };
		41D9BCF521D88ABF00269354 /* Info.plist */ = {isa = PBXFileReference; lastKnownFileType = text.plist.xml; path = Info.plist; sourceTree = "<group>"; };
		41D9BD0421D8ABC100269354 /* LYTabBarController.h */ = {isa = PBXFileReference; lastKnownFileType = sourcecode.c.h; path = LYTabBarController.h; sourceTree = "<group>"; };
		41D9BD0521D8ABC100269354 /* LYTabBarController.m */ = {isa = PBXFileReference; lastKnownFileType = sourcecode.c.objc; path = LYTabBarController.m; sourceTree = "<group>"; };
		41D9BD2821D8DAD400269354 /* LYTabBar.h */ = {isa = PBXFileReference; lastKnownFileType = sourcecode.c.h; path = LYTabBar.h; sourceTree = "<group>"; };
		41D9BD2921D8DAD400269354 /* LYTabBar.m */ = {isa = PBXFileReference; lastKnownFileType = sourcecode.c.objc; path = LYTabBar.m; sourceTree = "<group>"; };
		41D9BD3021D9DF3600269354 /* LYBadgeView.h */ = {isa = PBXFileReference; lastKnownFileType = sourcecode.c.h; path = LYBadgeView.h; sourceTree = "<group>"; };
		41D9BD3121D9DF3600269354 /* LYBadgeView.m */ = {isa = PBXFileReference; lastKnownFileType = sourcecode.c.objc; path = LYBadgeView.m; sourceTree = "<group>"; };
		41D9BD3321D9E3A200269354 /* LYProfileViewController.h */ = {isa = PBXFileReference; lastKnownFileType = sourcecode.c.h; path = LYProfileViewController.h; sourceTree = "<group>"; };
		41D9BD3421D9E3A200269354 /* LYProfileViewController.m */ = {isa = PBXFileReference; lastKnownFileType = sourcecode.c.objc; path = LYProfileViewController.m; sourceTree = "<group>"; };
		41D9BD3621D9E3C500269354 /* LYMessageViewController.h */ = {isa = PBXFileReference; lastKnownFileType = sourcecode.c.h; path = LYMessageViewController.h; sourceTree = "<group>"; };
		41D9BD3721D9E3C500269354 /* LYMessageViewController.m */ = {isa = PBXFileReference; lastKnownFileType = sourcecode.c.objc; path = LYMessageViewController.m; sourceTree = "<group>"; };
		41D9BD3921D9E3F100269354 /* LYHomeViewController.h */ = {isa = PBXFileReference; lastKnownFileType = sourcecode.c.h; path = LYHomeViewController.h; sourceTree = "<group>"; };
		41D9BD3A21D9E3F100269354 /* LYHomeViewController.m */ = {isa = PBXFileReference; lastKnownFileType = sourcecode.c.objc; path = LYHomeViewController.m; sourceTree = "<group>"; };
		41D9BD3C21D9E40700269354 /* LYDiscoverViewController.h */ = {isa = PBXFileReference; lastKnownFileType = sourcecode.c.h; path = LYDiscoverViewController.h; sourceTree = "<group>"; };
		41D9BD3D21D9E40700269354 /* LYDiscoverViewController.m */ = {isa = PBXFileReference; lastKnownFileType = sourcecode.c.objc; path = LYDiscoverViewController.m; sourceTree = "<group>"; };
		41D9BD3F21D9E56300269354 /* LYTabBarButton.h */ = {isa = PBXFileReference; lastKnownFileType = sourcecode.c.h; path = LYTabBarButton.h; sourceTree = "<group>"; };
		41D9BD4021D9E56300269354 /* LYTabBarButton.m */ = {isa = PBXFileReference; lastKnownFileType = sourcecode.c.objc; path = LYTabBarButton.m; sourceTree = "<group>"; };
/* End PBXFileReference section */

/* Begin PBXFrameworksBuildPhase section */
		41D9BCC921D88ABC00269354 /* Frameworks */ = {
			isa = PBXFrameworksBuildPhase;
			buildActionMask = 2147483647;
			files = (
			);
			runOnlyForDeploymentPostprocessing = 0;
		};
		41D9BCE121D88ABE00269354 /* Frameworks */ = {
			isa = PBXFrameworksBuildPhase;
			buildActionMask = 2147483647;
			files = (
			);
			runOnlyForDeploymentPostprocessing = 0;
		};
		41D9BCEC21D88ABF00269354 /* Frameworks */ = {
			isa = PBXFrameworksBuildPhase;
			buildActionMask = 2147483647;
			files = (
			);
			runOnlyForDeploymentPostprocessing = 0;
		};
/* End PBXFrameworksBuildPhase section */

/* Begin PBXGroup section */
		418625ED2208169800E521DB /* NewFeature */ = {
			isa = PBXGroup;
			children = (
				418625F02208173E00E521DB /* view */,
				418625EF2208173700E521DB /* model */,
				418625EE2208172D00E521DB /* controller */,
			);
			path = NewFeature;
			sourceTree = "<group>";
		};
		418625EE2208172D00E521DB /* controller */ = {
			isa = PBXGroup;
			children = (
				418625F72208199F00E521DB /* LYNewFeatureController.h */,
				418625F82208199F00E521DB /* LYNewFeatureController.m */,
			);
			path = controller;
			sourceTree = "<group>";
		};
		418625EF2208173700E521DB /* model */ = {
			isa = PBXGroup;
			children = (
			);
			path = model;
			sourceTree = "<group>";
		};
		418625F02208173E00E521DB /* view */ = {
			isa = PBXGroup;
			children = (
				418625F42208180F00E521DB /* LYNewFeatureCell.h */,
				418625F52208180F00E521DB /* LYNewFeatureCell.m */,
			);
			path = view;
			sourceTree = "<group>";
		};
		418625FA220BD00400E521DB /* OAuth */ = {
			isa = PBXGroup;
			children = (
				418625FD220BD0AA00E521DB /* view */,
				418625FC220BD0A300E521DB /* model */,
				418625FB220BD09B00E521DB /* controller */,
			);
			path = OAuth;
			sourceTree = "<group>";
		};
		418625FB220BD09B00E521DB /* controller */ = {
			isa = PBXGroup;
			children = (
				418625FE220BD0DA00E521DB /* LYOAuthViewController.h */,
				418625FF220BD0DA00E521DB /* LYOAuthViewController.m */,
			);
			path = controller;
			sourceTree = "<group>";
		};
		418625FC220BD0A300E521DB /* model */ = {
			isa = PBXGroup;
			children = (
			);
			path = model;
			sourceTree = "<group>";
		};
		418625FD220BD0AA00E521DB /* view */ = {
			isa = PBXGroup;
			children = (
			);
			path = view;
			sourceTree = "<group>";
		};
		41862601220BD12D00E521DB /* Lib */ = {
			isa = PBXGroup;
			children = (
				4186260B220BD42D00E521DB /* AFNetworking */,
				41862602220BD2EE00E521DB /* MBProgressHUD */,
			);
			path = Lib;
			sourceTree = "<group>";
		};
		41862602220BD2EE00E521DB /* MBProgressHUD */ = {
			isa = PBXGroup;
			children = (
				41862603220BD2EE00E521DB /* MBProgressHUD.m */,
				41862604220BD2EE00E521DB /* MBProgressHUD+MJ.h */,
				41862605220BD2EE00E521DB /* MBProgressHUD.h */,
				41862606220BD2EE00E521DB /* MBProgressHUD+MJ.m */,
				41862607220BD2EE00E521DB /* MBProgressHUD.bundle */,
			);
			path = MBProgressHUD;
			sourceTree = "<group>";
		};
		4186260B220BD42D00E521DB /* AFNetworking */ = {
			isa = PBXGroup;
			children = (
				4186260C220BD42D00E521DB /* AFSecurityPolicy.h */,
				4186260D220BD42D00E521DB /* AFNetworkReachabilityManager.h */,
				4186260E220BD42D00E521DB /* AFHTTPRequestOperation.h */,
				4186260F220BD42D00E521DB /* AFHTTPRequestOperationManager.h */,
				41862610220BD42D00E521DB /* AFURLSessionManager.h */,
				41862611220BD42D00E521DB /* AFURLRequestSerialization.h */,
				41862612220BD42D00E521DB /* AFURLConnectionOperation.h */,
				41862613220BD42D00E521DB /* AFURLResponseSerialization.m */,
				41862614220BD42D00E521DB /* AFHTTPSessionManager.m */,
				41862615220BD42D00E521DB /* AFURLConnectionOperation.m */,
				41862616220BD42D00E521DB /* AFURLResponseSerialization.h */,
				41862617220BD42D00E521DB /* AFURLSessionManager.m */,
				41862618220BD42D00E521DB /* AFHTTPRequestOperationManager.m */,
				41862619220BD42D00E521DB /* AFURLRequestSerialization.m */,
				4186261A220BD42D00E521DB /* AFHTTPRequestOperation.m */,
				4186261B220BD42D00E521DB /* AFNetworking.h */,
				4186261C220BD42D00E521DB /* AFNetworkReachabilityManager.m */,
				4186261D220BD42D00E521DB /* AFSecurityPolicy.m */,
				4186261E220BD42D00E521DB /* AFHTTPSessionManager.h */,
			);
			path = AFNetworking;
			sourceTree = "<group>";
		};
		41D9BCC321D88ABC00269354 = {
			isa = PBXGroup;
			children = (
				41D9BCCE21D88ABC00269354 /* weibo */,
				41D9BCE721D88ABE00269354 /* weiboTests */,
				41D9BCF221D88ABF00269354 /* weiboUITests */,
				41D9BCCD21D88ABC00269354 /* Products */,
			);
			sourceTree = "<group>";
		};
		41D9BCCD21D88ABC00269354 /* Products */ = {
			isa = PBXGroup;
			children = (
				41D9BCCC21D88ABC00269354 /* weibo.app */,
				41D9BCE421D88ABE00269354 /* weiboTests.xctest */,
				41D9BCEF21D88ABF00269354 /* weiboUITests.xctest */,
			);
			name = Products;
			sourceTree = "<group>";
		};
		41D9BCCE21D88ABC00269354 /* weibo */ = {
			isa = PBXGroup;
			children = (
				41D9BD0C21D8CEEE00269354 /* classes */,
				41D9BCD821D88ABE00269354 /* Assets.xcassets */,
				41D9BCDA21D88ABE00269354 /* LaunchScreen.storyboard */,
				41D9BCDD21D88ABE00269354 /* Info.plist */,
			);
			path = weibo;
			sourceTree = "<group>";
		};
		41D9BCE721D88ABE00269354 /* weiboTests */ = {
			isa = PBXGroup;
			children = (
				41D9BCE821D88ABE00269354 /* weiboTests.m */,
				41D9BCEA21D88ABE00269354 /* Info.plist */,
			);
			path = weiboTests;
			sourceTree = "<group>";
		};
		41D9BCF221D88ABF00269354 /* weiboUITests */ = {
			isa = PBXGroup;
			children = (
				41D9BCF321D88ABF00269354 /* weiboUITests.m */,
				41D9BCF521D88ABF00269354 /* Info.plist */,
			);
			path = weiboUITests;
			sourceTree = "<group>";
		};
		41D9BD0C21D8CEEE00269354 /* classes */ = {
			isa = PBXGroup;
			children = (
				418625FA220BD00400E521DB /* OAuth */,
				418625ED2208169800E521DB /* NewFeature */,
				41D9BD2121D8D27500269354 /* other */,
				41D9BD1D21D8D1E800269354 /* profile */,
				41D9BD1921D8D1CF00269354 /* message */,
				41D9BD1521D8D15700269354 /* main */,
				41D9BD1121D8D13600269354 /* home */,
				41D9BD0D21D8D02400269354 /* discover */,
			);
			path = classes;
			sourceTree = "<group>";
		};
		41D9BD0D21D8D02400269354 /* discover */ = {
			isa = PBXGroup;
			children = (
				41D9BD1021D8D05800269354 /* view */,
				41D9BD0F21D8D04F00269354 /* model */,
				41D9BD0E21D8D04600269354 /* controller */,
			);
			path = discover;
			sourceTree = "<group>";
		};
		41D9BD0E21D8D04600269354 /* controller */ = {
			isa = PBXGroup;
			children = (
				41D9BD3C21D9E40700269354 /* LYDiscoverViewController.h */,
				41D9BD3D21D9E40700269354 /* LYDiscoverViewController.m */,
			);
			path = controller;
			sourceTree = "<group>";
		};
		41D9BD0F21D8D04F00269354 /* model */ = {
			isa = PBXGroup;
			children = (
			);
			path = model;
			sourceTree = "<group>";
		};
		41D9BD1021D8D05800269354 /* view */ = {
			isa = PBXGroup;
			children = (
				41A8A8122202E11A004966D4 /* LYSearchBar.h */,
				41A8A8132202E11A004966D4 /* LYSearchBar.m */,
			);
			path = view;
			sourceTree = "<group>";
		};
		41D9BD1121D8D13600269354 /* home */ = {
			isa = PBXGroup;
			children = (
				41D9BD1421D8D14B00269354 /* view */,
				41D9BD1321D8D14400269354 /* model */,
				41D9BD1221D8D13E00269354 /* controller */,
			);
			path = home;
			sourceTree = "<group>";
		};
		41D9BD1221D8D13E00269354 /* controller */ = {
			isa = PBXGroup;
			children = (
				41A8A80E2202A81A004966D4 /* LYMenuViewController.h */,
				41A8A80F2202A81A004966D4 /* LYMenuViewController.m */,
				41D9BD3921D9E3F100269354 /* LYHomeViewController.h */,
				41D9BD3A21D9E3F100269354 /* LYHomeViewController.m */,
				418625DF2206DD9A00E521DB /* LYOneViewController.h */,
				418625E02206DD9A00E521DB /* LYOneViewController.m */,
				418625E12206DD9A00E521DB /* LYOneViewController.xib */,
				418625E42206E53500E521DB /* LYTwoViewController.h */,
				418625E52206E53500E521DB /* LYTwoViewController.m */,
				418625E62206E53500E521DB /* LYTwoViewController.xib */,
			);
			path = controller;
			sourceTree = "<group>";
		};
		41D9BD1321D8D14400269354 /* model */ = {
			isa = PBXGroup;
			children = (
			);
			path = model;
			sourceTree = "<group>";
		};
		41D9BD1421D8D14B00269354 /* view */ = {
			isa = PBXGroup;
			children = (
				41A8A8082202A0F7004966D4 /* LYCover.h */,
				41A8A8052202A0F7004966D4 /* LYCover.m */,
				41A8A8092202A0F7004966D4 /* LYHomeTitle.h */,
				41A8A80A2202A0F7004966D4 /* LYHomeTitle.m */,
				41A8A8062202A0F7004966D4 /* LYPopMenu.h */,
				41A8A8072202A0F7004966D4 /* LYPopMenu.m */,
			);
			path = view;
			sourceTree = "<group>";
		};
		41D9BD1521D8D15700269354 /* main */ = {
			isa = PBXGroup;
			children = (
				41D9BD1821D8D16B00269354 /* controller */,
				41D9BD1721D8D16600269354 /* model */,
				41D9BD1621D8D16000269354 /* view */,
			);
			path = main;
			sourceTree = "<group>";
		};
		41D9BD1621D8D16000269354 /* view */ = {
			isa = PBXGroup;
			children = (
				41D9BD2821D8DAD400269354 /* LYTabBar.h */,
				41D9BD2921D8DAD400269354 /* LYTabBar.m */,
				41D9BD3021D9DF3600269354 /* LYBadgeView.h */,
				41D9BD3121D9DF3600269354 /* LYBadgeView.m */,
				41D9BD3F21D9E56300269354 /* LYTabBarButton.h */,
				41D9BD4021D9E56300269354 /* LYTabBarButton.m */,
			);
			path = view;
			sourceTree = "<group>";
		};
		41D9BD1721D8D16600269354 /* model */ = {
			isa = PBXGroup;
			children = (
			);
			path = model;
			sourceTree = "<group>";
		};
		41D9BD1821D8D16B00269354 /* controller */ = {
			isa = PBXGroup;
			children = (
				41D9BD0421D8ABC100269354 /* LYTabBarController.h */,
				41D9BD0521D8ABC100269354 /* LYTabBarController.m */,
				41A8A7F522014BFA004966D4 /* LYNavigationController.h */,
				41A8A7F622014BFA004966D4 /* LYNavigationController.m */,
			);
			path = controller;
			sourceTree = "<group>";
		};
		41D9BD1921D8D1CF00269354 /* message */ = {
			isa = PBXGroup;
			children = (
				41D9BD1C21D8D1E000269354 /* controller */,
				41D9BD1B21D8D1DA00269354 /* view */,
				41D9BD1A21D8D1D400269354 /* model */,
			);
			path = message;
			sourceTree = "<group>";
		};
		41D9BD1A21D8D1D400269354 /* model */ = {
			isa = PBXGroup;
			children = (
			);
			path = model;
			sourceTree = "<group>";
		};
		41D9BD1B21D8D1DA00269354 /* view */ = {
			isa = PBXGroup;
			children = (
			);
			path = view;
			sourceTree = "<group>";
		};
		41D9BD1C21D8D1E000269354 /* controller */ = {
			isa = PBXGroup;
			children = (
				41D9BD3621D9E3C500269354 /* LYMessageViewController.h */,
				41D9BD3721D9E3C500269354 /* LYMessageViewController.m */,
			);
			path = controller;
			sourceTree = "<group>";
		};
		41D9BD1D21D8D1E800269354 /* profile */ = {
			isa = PBXGroup;
			children = (
				41D9BD2021D8D23A00269354 /* controller */,
				41D9BD1F21D8D23400269354 /* model */,
				41D9BD1E21D8D23000269354 /* view */,
			);
			path = profile;
			sourceTree = "<group>";
		};
		41D9BD1E21D8D23000269354 /* view */ = {
			isa = PBXGroup;
			children = (
			);
			path = view;
			sourceTree = "<group>";
		};
		41D9BD1F21D8D23400269354 /* model */ = {
			isa = PBXGroup;
			children = (
			);
			path = model;
			sourceTree = "<group>";
		};
		41D9BD2021D8D23A00269354 /* controller */ = {
			isa = PBXGroup;
			children = (
				41D9BD3321D9E3A200269354 /* LYProfileViewController.h */,
				41D9BD3421D9E3A200269354 /* LYProfileViewController.m */,
			);
			path = controller;
			sourceTree = "<group>";
		};
		41D9BD2121D8D27500269354 /* other */ = {
			isa = PBXGroup;
			children = (
				41862601220BD12D00E521DB /* Lib */,
				41A8A8112202D6D2004966D4 /* weibo.pch */,
				41D9BCDE21D88ABE00269354 /* main.m */,
				41D9BCCF21D88ABC00269354 /* AppDelegate.h */,
				41D9BCD021D88ABC00269354 /* AppDelegate.m */,
				41D9BD2221D8D29300269354 /* category */,
			);
			path = other;
			sourceTree = "<group>";
		};
		41D9BD2221D8D29300269354 /* category */ = {
			isa = PBXGroup;
			children = (
				41A8A80222029B8D004966D4 /* UIBarButtonItem+Item.h */,
				41A8A80322029B8D004966D4 /* UIBarButtonItem+Item.m */,
				41A8A7F222014836004966D4 /* UIImage+image.h */,
				41A8A7F122014836004966D4 /* UIImage+image.m */,
				41A8A7F022014836004966D4 /* UIView+Frame.h */,
				41A8A7EF22014836004966D4 /* UIView+Frame.m */,
			);
			path = category;
			sourceTree = "<group>";
		};
/* End PBXGroup section */

/* Begin PBXNativeTarget section */
		41D9BCCB21D88ABC00269354 /* weibo */ = {
			isa = PBXNativeTarget;
			buildConfigurationList = 41D9BCF821D88ABF00269354 /* Build configuration list for PBXNativeTarget "weibo" */;
			buildPhases = (
				41D9BCC821D88ABC00269354 /* Sources */,
				41D9BCC921D88ABC00269354 /* Frameworks */,
				41D9BCCA21D88ABC00269354 /* Resources */,
			);
			buildRules = (
			);
			dependencies = (
			);
			name = weibo;
			productName = weibo;
			productReference = 41D9BCCC21D88ABC00269354 /* weibo.app */;
			productType = "com.apple.product-type.application";
		};
		41D9BCE321D88ABE00269354 /* weiboTests */ = {
			isa = PBXNativeTarget;
			buildConfigurationList = 41D9BCFB21D88ABF00269354 /* Build configuration list for PBXNativeTarget "weiboTests" */;
			buildPhases = (
				41D9BCE021D88ABE00269354 /* Sources */,
				41D9BCE121D88ABE00269354 /* Frameworks */,
				41D9BCE221D88ABE00269354 /* Resources */,
			);
			buildRules = (
			);
			dependencies = (
				41D9BCE621D88ABE00269354 /* PBXTargetDependency */,
			);
			name = weiboTests;
			productName = weiboTests;
			productReference = 41D9BCE421D88ABE00269354 /* weiboTests.xctest */;
			productType = "com.apple.product-type.bundle.unit-test";
		};
		41D9BCEE21D88ABF00269354 /* weiboUITests */ = {
			isa = PBXNativeTarget;
			buildConfigurationList = 41D9BCFE21D88ABF00269354 /* Build configuration list for PBXNativeTarget "weiboUITests" */;
			buildPhases = (
				41D9BCEB21D88ABF00269354 /* Sources */,
				41D9BCEC21D88ABF00269354 /* Frameworks */,
				41D9BCED21D88ABF00269354 /* Resources */,
			);
			buildRules = (
			);
			dependencies = (
				41D9BCF121D88ABF00269354 /* PBXTargetDependency */,
			);
			name = weiboUITests;
			productName = weiboUITests;
			productReference = 41D9BCEF21D88ABF00269354 /* weiboUITests.xctest */;
			productType = "com.apple.product-type.bundle.ui-testing";
		};
/* End PBXNativeTarget section */

/* Begin PBXProject section */
		41D9BCC421D88ABC00269354 /* Project object */ = {
			isa = PBXProject;
			attributes = {
				CLASSPREFIX = LY;
				LastUpgradeCheck = 1000;
				ORGANIZATIONNAME = sirius.com;
				TargetAttributes = {
					41D9BCCB21D88ABC00269354 = {
						CreatedOnToolsVersion = 10.0;
					};
					41D9BCE321D88ABE00269354 = {
						CreatedOnToolsVersion = 10.0;
						TestTargetID = 41D9BCCB21D88ABC00269354;
					};
					41D9BCEE21D88ABF00269354 = {
						CreatedOnToolsVersion = 10.0;
						TestTargetID = 41D9BCCB21D88ABC00269354;
					};
				};
			};
			buildConfigurationList = 41D9BCC721D88ABC00269354 /* Build configuration list for PBXProject "weibo" */;
			compatibilityVersion = "Xcode 9.3";
			developmentRegion = en;
			hasScannedForEncodings = 0;
			knownRegions = (
				en,
				Base,
			);
			mainGroup = 41D9BCC321D88ABC00269354;
			productRefGroup = 41D9BCCD21D88ABC00269354 /* Products */;
			projectDirPath = "";
			projectRoot = "";
			targets = (
				41D9BCCB21D88ABC00269354 /* weibo */,
				41D9BCE321D88ABE00269354 /* weiboTests */,
				41D9BCEE21D88ABF00269354 /* weiboUITests */,
			);
		};
/* End PBXProject section */

/* Begin PBXResourcesBuildPhase section */
		41D9BCCA21D88ABC00269354 /* Resources */ = {
			isa = PBXResourcesBuildPhase;
			buildActionMask = 2147483647;
			files = (
				418625E32206DD9B00E521DB /* LYOneViewController.xib in Resources */,
				41D9BCDC21D88ABE00269354 /* LaunchScreen.storyboard in Resources */,
				4186260A220BD2EE00E521DB /* MBProgressHUD.bundle in Resources */,
				418625E82206E53500E521DB /* LYTwoViewController.xib in Resources */,
				41D9BCD921D88ABE00269354 /* Assets.xcassets in Resources */,
			);
			runOnlyForDeploymentPostprocessing = 0;
		};
		41D9BCE221D88ABE00269354 /* Resources */ = {
			isa = PBXResourcesBuildPhase;
			buildActionMask = 2147483647;
			files = (
			);
			runOnlyForDeploymentPostprocessing = 0;
		};
		41D9BCED21D88ABF00269354 /* Resources */ = {
			isa = PBXResourcesBuildPhase;
			buildActionMask = 2147483647;
			files = (
			);
			runOnlyForDeploymentPostprocessing = 0;
		};
/* End PBXResourcesBuildPhase section */

/* Begin PBXSourcesBuildPhase section */
		41D9BCC821D88ABC00269354 /* Sources */ = {
			isa = PBXSourcesBuildPhase;
			buildActionMask = 2147483647;
			files = (
				41A8A80D2202A0F8004966D4 /* LYHomeTitle.m in Sources */,
				41A8A7F722014BFA004966D4 /* LYNavigationController.m in Sources */,
				418625E22206DD9B00E521DB /* LYOneViewController.m in Sources */,
				41D9BD3B21D9E3F100269354 /* LYHomeViewController.m in Sources */,
				418625F62208180F00E521DB /* LYNewFeatureCell.m in Sources */,
				41862621220BD42D00E521DB /* AFURLConnectionOperation.m in Sources */,
				41D9BCDF21D88ABE00269354 /* main.m in Sources */,
				41D9BD3221D9DF3600269354 /* LYBadgeView.m in Sources */,
				41D9BD0621D8ABC100269354 /* LYTabBarController.m in Sources */,
				41A8A8142202E11A004966D4 /* LYSearchBar.m in Sources */,
				41A8A80B2202A0F8004966D4 /* LYCover.m in Sources */,
				41A8A80422029B8D004966D4 /* UIBarButtonItem+Item.m in Sources */,
				41D9BD2A21D8DAD400269354 /* LYTabBar.m in Sources */,
				41A8A7F422014836004966D4 /* UIImage+image.m in Sources */,
				418625F92208199F00E521DB /* LYNewFeatureController.m in Sources */,
				41862622220BD42D00E521DB /* AFURLSessionManager.m in Sources */,
				418625E72206E53500E521DB /* LYTwoViewController.m in Sources */,
				41D9BD3E21D9E40700269354 /* LYDiscoverViewController.m in Sources */,
				41A8A80C2202A0F8004966D4 /* LYPopMenu.m in Sources */,
				41862608220BD2EE00E521DB /* MBProgressHUD.m in Sources */,
				41862623220BD42D00E521DB /* AFHTTPRequestOperationManager.m in Sources */,
				41862627220BD42D00E521DB /* AFSecurityPolicy.m in Sources */,
				41862625220BD42D00E521DB /* AFHTTPRequestOperation.m in Sources */,
				41862609220BD2EE00E521DB /* MBProgressHUD+MJ.m in Sources */,
				41862620220BD42D00E521DB /* AFHTTPSessionManager.m in Sources */,
				41862624220BD42D00E521DB /* AFURLRequestSerialization.m in Sources */,
				4186261F220BD42D00E521DB /* AFURLResponseSerialization.m in Sources */,
				41D9BD3821D9E3C500269354 /* LYMessageViewController.m in Sources */,
				41A8A8102202A81A004966D4 /* LYMenuViewController.m in Sources */,
				41862626220BD42D00E521DB /* AFNetworkReachabilityManager.m in Sources */,
				41D9BD3521D9E3A200269354 /* LYProfileViewController.m in Sources */,
				41D9BD4121D9E56300269354 /* LYTabBarButton.m in Sources */,
				41D9BCD121D88ABC00269354 /* AppDelegate.m in Sources */,
				41A8A7F322014836004966D4 /* UIView+Frame.m in Sources */,
				41862600220BD0DA00E521DB /* LYOAuthViewController.m in Sources */,
			);
			runOnlyForDeploymentPostprocessing = 0;
		};
		41D9BCE021D88ABE00269354 /* Sources */ = {
			isa = PBXSourcesBuildPhase;
			buildActionMask = 2147483647;
			files = (
				41D9BCE921D88ABE00269354 /* weiboTests.m in Sources */,
			);
			runOnlyForDeploymentPostprocessing = 0;
		};
		41D9BCEB21D88ABF00269354 /* Sources */ = {
			isa = PBXSourcesBuildPhase;
			buildActionMask = 2147483647;
			files = (
				41D9BCF421D88ABF00269354 /* weiboUITests.m in Sources */,
			);
			runOnlyForDeploymentPostprocessing = 0;
		};
/* End PBXSourcesBuildPhase section */

/* Begin PBXTargetDependency section */
		41D9BCE621D88ABE00269354 /* PBXTargetDependency */ = {
			isa = PBXTargetDependency;
			target = 41D9BCCB21D88ABC00269354 /* weibo */;
			targetProxy = 41D9BCE521D88ABE00269354 /* PBXContainerItemProxy */;
		};
		41D9BCF121D88ABF00269354 /* PBXTargetDependency */ = {
			isa = PBXTargetDependency;
			target = 41D9BCCB21D88ABC00269354 /* weibo */;
			targetProxy = 41D9BCF021D88ABF00269354 /* PBXContainerItemProxy */;
		};
/* End PBXTargetDependency section */

/* Begin PBXVariantGroup section */
		41D9BCDA21D88ABE00269354 /* LaunchScreen.storyboard */ = {
			isa = PBXVariantGroup;
			children = (
				41D9BCDB21D88ABE00269354 /* Base */,
			);
			name = LaunchScreen.storyboard;
			sourceTree = "<group>";
		};
/* End PBXVariantGroup section */

/* Begin XCBuildConfiguration section */
		41D9BCF621D88ABF00269354 /* Debug */ = {
			isa = XCBuildConfiguration;
			buildSettings = {
				ALWAYS_SEARCH_USER_PATHS = NO;
				CLANG_ANALYZER_NONNULL = YES;
				CLANG_ANALYZER_NUMBER_OBJECT_CONVERSION = YES_AGGRESSIVE;
				CLANG_CXX_LANGUAGE_STANDARD = "gnu++14";
				CLANG_CXX_LIBRARY = "libc++";
				CLANG_ENABLE_MODULES = YES;
				CLANG_ENABLE_OBJC_ARC = YES;
				CLANG_ENABLE_OBJC_WEAK = YES;
				CLANG_WARN_BLOCK_CAPTURE_AUTORELEASING = YES;
				CLANG_WARN_BOOL_CONVERSION = YES;
				CLANG_WARN_COMMA = YES;
				CLANG_WARN_CONSTANT_CONVERSION = YES;
				CLANG_WARN_DEPRECATED_OBJC_IMPLEMENTATIONS = YES;
				CLANG_WARN_DIRECT_OBJC_ISA_USAGE = YES_ERROR;
				CLANG_WARN_DOCUMENTATION_COMMENTS = YES;
				CLANG_WARN_EMPTY_BODY = YES;
				CLANG_WARN_ENUM_CONVERSION = YES;
				CLANG_WARN_INFINITE_RECURSION = YES;
				CLANG_WARN_INT_CONVERSION = YES;
				CLANG_WARN_NON_LITERAL_NULL_CONVERSION = YES;
				CLANG_WARN_OBJC_IMPLICIT_RETAIN_SELF = YES;
				CLANG_WARN_OBJC_LITERAL_CONVERSION = YES;
				CLANG_WARN_OBJC_ROOT_CLASS = YES_ERROR;
				CLANG_WARN_RANGE_LOOP_ANALYSIS = YES;
				CLANG_WARN_STRICT_PROTOTYPES = YES;
				CLANG_WARN_SUSPICIOUS_MOVE = YES;
				CLANG_WARN_UNGUARDED_AVAILABILITY = YES_AGGRESSIVE;
				CLANG_WARN_UNREACHABLE_CODE = YES;
				CLANG_WARN__DUPLICATE_METHOD_MATCH = YES;
				CODE_SIGN_IDENTITY = "iPhone Developer";
				COPY_PHASE_STRIP = NO;
				DEBUG_INFORMATION_FORMAT = dwarf;
				ENABLE_STRICT_OBJC_MSGSEND = YES;
				ENABLE_TESTABILITY = YES;
				GCC_C_LANGUAGE_STANDARD = gnu11;
				GCC_DYNAMIC_NO_PIC = NO;
				GCC_NO_COMMON_BLOCKS = YES;
				GCC_OPTIMIZATION_LEVEL = 0;
				GCC_PREPROCESSOR_DEFINITIONS = (
					"DEBUG=1",
					"$(inherited)",
				);
				GCC_WARN_64_TO_32_BIT_CONVERSION = YES;
				GCC_WARN_ABOUT_RETURN_TYPE = YES_ERROR;
				GCC_WARN_UNDECLARED_SELECTOR = YES;
				GCC_WARN_UNINITIALIZED_AUTOS = YES_AGGRESSIVE;
				GCC_WARN_UNUSED_FUNCTION = YES;
				GCC_WARN_UNUSED_VARIABLE = YES;
				IPHONEOS_DEPLOYMENT_TARGET = 12.0;
				MTL_ENABLE_DEBUG_INFO = INCLUDE_SOURCE;
				MTL_FAST_MATH = YES;
				ONLY_ACTIVE_ARCH = YES;
				SDKROOT = iphoneos;
			};
			name = Debug;
		};
		41D9BCF721D88ABF00269354 /* Release */ = {
			isa = XCBuildConfiguration;
			buildSettings = {
				ALWAYS_SEARCH_USER_PATHS = NO;
				CLANG_ANALYZER_NONNULL = YES;
				CLANG_ANALYZER_NUMBER_OBJECT_CONVERSION = YES_AGGRESSIVE;
				CLANG_CXX_LANGUAGE_STANDARD = "gnu++14";
				CLANG_CXX_LIBRARY = "libc++";
				CLANG_ENABLE_MODULES = YES;
				CLANG_ENABLE_OBJC_ARC = YES;
				CLANG_ENABLE_OBJC_WEAK = YES;
				CLANG_WARN_BLOCK_CAPTURE_AUTORELEASING = YES;
				CLANG_WARN_BOOL_CONVERSION = YES;
				CLANG_WARN_COMMA = YES;
				CLANG_WARN_CONSTANT_CONVERSION = YES;
				CLANG_WARN_DEPRECATED_OBJC_IMPLEMENTATIONS = YES;
				CLANG_WARN_DIRECT_OBJC_ISA_USAGE = YES_ERROR;
				CLANG_WARN_DOCUMENTATION_COMMENTS = YES;
				CLANG_WARN_EMPTY_BODY = YES;
				CLANG_WARN_ENUM_CONVERSION = YES;
				CLANG_WARN_INFINITE_RECURSION = YES;
				CLANG_WARN_INT_CONVERSION = YES;
				CLANG_WARN_NON_LITERAL_NULL_CONVERSION = YES;
				CLANG_WARN_OBJC_IMPLICIT_RETAIN_SELF = YES;
				CLANG_WARN_OBJC_LITERAL_CONVERSION = YES;
				CLANG_WARN_OBJC_ROOT_CLASS = YES_ERROR;
				CLANG_WARN_RANGE_LOOP_ANALYSIS = YES;
				CLANG_WARN_STRICT_PROTOTYPES = YES;
				CLANG_WARN_SUSPICIOUS_MOVE = YES;
				CLANG_WARN_UNGUARDED_AVAILABILITY = YES_AGGRESSIVE;
				CLANG_WARN_UNREACHABLE_CODE = YES;
				CLANG_WARN__DUPLICATE_METHOD_MATCH = YES;
				CODE_SIGN_IDENTITY = "iPhone Developer";
				COPY_PHASE_STRIP = NO;
				DEBUG_INFORMATION_FORMAT = "dwarf-with-dsym";
				ENABLE_NS_ASSERTIONS = NO;
				ENABLE_STRICT_OBJC_MSGSEND = YES;
				GCC_C_LANGUAGE_STANDARD = gnu11;
				GCC_NO_COMMON_BLOCKS = YES;
				GCC_WARN_64_TO_32_BIT_CONVERSION = YES;
				GCC_WARN_ABOUT_RETURN_TYPE = YES_ERROR;
				GCC_WARN_UNDECLARED_SELECTOR = YES;
				GCC_WARN_UNINITIALIZED_AUTOS = YES_AGGRESSIVE;
				GCC_WARN_UNUSED_FUNCTION = YES;
				GCC_WARN_UNUSED_VARIABLE = YES;
				IPHONEOS_DEPLOYMENT_TARGET = 12.0;
				MTL_ENABLE_DEBUG_INFO = NO;
				MTL_FAST_MATH = YES;
				SDKROOT = iphoneos;
				VALIDATE_PRODUCT = YES;
			};
			name = Release;
		};
		41D9BCF921D88ABF00269354 /* Debug */ = {
			isa = XCBuildConfiguration;
			buildSettings = {
				ASSETCATALOG_COMPILER_APPICON_NAME = AppIcon;
				ASSETCATALOG_COMPILER_LAUNCHIMAGE_NAME = LaunchImage;
				CODE_SIGN_STYLE = Automatic;
				DEVELOPMENT_TEAM = 5SKG75CM69;
				GCC_PREFIX_HEADER = /Users/gengqifu/dev/git/external/weibo/weibo/weibo/classes/other/weibo.pch;
				INFOPLIST_FILE = weibo/Info.plist;
				IPHONEOS_DEPLOYMENT_TARGET = 9.1;
				LD_RUNPATH_SEARCH_PATHS = (
					"$(inherited)",
					"@executable_path/Frameworks",
				);
				PRODUCT_BUNDLE_IDENTIFIER = com.sirius.weibo;
				PRODUCT_NAME = "$(TARGET_NAME)";
				TARGETED_DEVICE_FAMILY = "1,2";
			};
			name = Debug;
		};
		41D9BCFA21D88ABF00269354 /* Release */ = {
			isa = XCBuildConfiguration;
			buildSettings = {
				ASSETCATALOG_COMPILER_APPICON_NAME = AppIcon;
				ASSETCATALOG_COMPILER_LAUNCHIMAGE_NAME = LaunchImage;
				CODE_SIGN_STYLE = Automatic;
				DEVELOPMENT_TEAM = 5SKG75CM69;
				GCC_PREFIX_HEADER = /Users/gengqifu/dev/git/external/weibo/weibo/weibo/classes/other/weibo.pch;
				INFOPLIST_FILE = weibo/Info.plist;
				IPHONEOS_DEPLOYMENT_TARGET = 9.1;
				LD_RUNPATH_SEARCH_PATHS = (
					"$(inherited)",
					"@executable_path/Frameworks",
				);
				PRODUCT_BUNDLE_IDENTIFIER = com.sirius.weibo;
				PRODUCT_NAME = "$(TARGET_NAME)";
				TARGETED_DEVICE_FAMILY = "1,2";
			};
			name = Release;
		};
		41D9BCFC21D88ABF00269354 /* Debug */ = {
			isa = XCBuildConfiguration;
			buildSettings = {
				BUNDLE_LOADER = "$(TEST_HOST)";
				CODE_SIGN_STYLE = Automatic;
				DEVELOPMENT_TEAM = 5SKG75CM69;
				INFOPLIST_FILE = weiboTests/Info.plist;
				LD_RUNPATH_SEARCH_PATHS = (
					"$(inherited)",
					"@executable_path/Frameworks",
					"@loader_path/Frameworks",
				);
				PRODUCT_BUNDLE_IDENTIFIER = com.sirius.weiboTests;
				PRODUCT_NAME = "$(TARGET_NAME)";
				TARGETED_DEVICE_FAMILY = "1,2";
				TEST_HOST = "$(BUILT_PRODUCTS_DIR)/weibo.app/weibo";
			};
			name = Debug;
		};
		41D9BCFD21D88ABF00269354 /* Release */ = {
			isa = XCBuildConfiguration;
			buildSettings = {
				BUNDLE_LOADER = "$(TEST_HOST)";
				CODE_SIGN_STYLE = Automatic;
				DEVELOPMENT_TEAM = 5SKG75CM69;
				INFOPLIST_FILE = weiboTests/Info.plist;
				LD_RUNPATH_SEARCH_PATHS = (
					"$(inherited)",
					"@executable_path/Frameworks",
					"@loader_path/Frameworks",
				);
				PRODUCT_BUNDLE_IDENTIFIER = com.sirius.weiboTests;
				PRODUCT_NAME = "$(TARGET_NAME)";
				TARGETED_DEVICE_FAMILY = "1,2";
				TEST_HOST = "$(BUILT_PRODUCTS_DIR)/weibo.app/weibo";
			};
			name = Release;
		};
		41D9BCFF21D88ABF00269354 /* Debug */ = {
			isa = XCBuildConfiguration;
			buildSettings = {
				CODE_SIGN_STYLE = Automatic;
				DEVELOPMENT_TEAM = 5SKG75CM69;
				INFOPLIST_FILE = weiboUITests/Info.plist;
				LD_RUNPATH_SEARCH_PATHS = (
					"$(inherited)",
					"@executable_path/Frameworks",
					"@loader_path/Frameworks",
				);
				PRODUCT_BUNDLE_IDENTIFIER = com.sirius.weiboUITests;
				PRODUCT_NAME = "$(TARGET_NAME)";
				TARGETED_DEVICE_FAMILY = "1,2";
				TEST_TARGET_NAME = weibo;
			};
			name = Debug;
		};
		41D9BD0021D88ABF00269354 /* Release */ = {
			isa = XCBuildConfiguration;
			buildSettings = {
				CODE_SIGN_STYLE = Automatic;
				DEVELOPMENT_TEAM = 5SKG75CM69;
				INFOPLIST_FILE = weiboUITests/Info.plist;
				LD_RUNPATH_SEARCH_PATHS = (
					"$(inherited)",
					"@executable_path/Frameworks",
					"@loader_path/Frameworks",
				);
				PRODUCT_BUNDLE_IDENTIFIER = com.sirius.weiboUITests;
				PRODUCT_NAME = "$(TARGET_NAME)";
				TARGETED_DEVICE_FAMILY = "1,2";
				TEST_TARGET_NAME = weibo;
			};
			name = Release;
		};
/* End XCBuildConfiguration section */

/* Begin XCConfigurationList section */
		41D9BCC721D88ABC00269354 /* Build configuration list for PBXProject "weibo" */ = {
			isa = XCConfigurationList;
			buildConfigurations = (
				41D9BCF621D88ABF00269354 /* Debug */,
				41D9BCF721D88ABF00269354 /* Release */,
			);
			defaultConfigurationIsVisible = 0;
			defaultConfigurationName = Release;
		};
		41D9BCF821D88ABF00269354 /* Build configuration list for PBXNativeTarget "weibo" */ = {
			isa = XCConfigurationList;
			buildConfigurations = (
				41D9BCF921D88ABF00269354 /* Debug */,
				41D9BCFA21D88ABF00269354 /* Release */,
			);
			defaultConfigurationIsVisible = 0;
			defaultConfigurationName = Release;
		};
		41D9BCFB21D88ABF00269354 /* Build configuration list for PBXNativeTarget "weiboTests" */ = {
			isa = XCConfigurationList;
			buildConfigurations = (
				41D9BCFC21D88ABF00269354 /* Debug */,
				41D9BCFD21D88ABF00269354 /* Release */,
			);
			defaultConfigurationIsVisible = 0;
			defaultConfigurationName = Release;
		};
		41D9BCFE21D88ABF00269354 /* Build configuration list for PBXNativeTarget "weiboUITests" */ = {
			isa = XCConfigurationList;
			buildConfigurations = (
				41D9BCFF21D88ABF00269354 /* Debug */,
				41D9BD0021D88ABF00269354 /* Release */,
			);
			defaultConfigurationIsVisible = 0;
			defaultConfigurationName = Release;
		};
/* End XCConfigurationList section */
	};
	rootObject = 41D9BCC421D88ABC00269354 /* Project object */;
}
